// !$*UTF8*$!
{
	archiveVersion = 1;
	classes = {
	};
	objectVersion = 50;
	objects = {

/* Begin PBXBuildFile section */
		557487492AEA47E100C0F6CA /* roomserver.cpp in Sources */ = {isa = PBXBuildFile; fileRef = 557487472AEA47E100C0F6CA /* roomserver.cpp */; };
		557487562AEB8E0E00C0F6CA /* libnetworkcommon.a in Frameworks */ = {isa = PBXBuildFile; fileRef = 557487552AEB8DA800C0F6CA /* libnetworkcommon.a */; };
		557487582AEB8E1A00C0F6CA /* libcommon.a in Frameworks */ = {isa = PBXBuildFile; fileRef = 557487572AEB8E1A00C0F6CA /* libcommon.a */; };
		5574E6B62AD84A3A00FAFE08 /* qnetworkserver.cpp in Sources */ = {isa = PBXBuildFile; fileRef = 5574E6B42AD84A3A00FAFE08 /* qnetworkserver.cpp */; };
		5574E6C32ADBB1CD00FAFE08 /* gameserver.cpp in Sources */ = {isa = PBXBuildFile; fileRef = 5574E6C12ADBB1CD00FAFE08 /* gameserver.cpp */; };
		55B372BC2AC2ABCD00F0095E /* main.cpp in Sources */ = {isa = PBXBuildFile; fileRef = 55B372BB2AC2ABCD00F0095E /* main.cpp */; };
		55D1C6CE2AD2A49000470E01 /* libev.a in Frameworks */ = {isa = PBXBuildFile; fileRef = 55D1C6CC2AD2A48D00470E01 /* libev.a */; };
		55D1C6CF2AD2A49000470E01 /* libquiche.a in Frameworks */ = {isa = PBXBuildFile; fileRef = 55D1C6CD2AD2A48D00470E01 /* libquiche.a */; };
		55D1C6D12AD2A49B00470E01 /* Security.framework in Frameworks */ = {isa = PBXBuildFile; fileRef = 55D1C6D02AD2A49B00470E01 /* Security.framework */; };
		55D1C6DE2AD32E9300470E01 /* cert.key in CopyFiles */ = {isa = PBXBuildFile; fileRef = 55D1C6DC2AD32E8800470E01 /* cert.key */; };
		55D1C6DF2AD32E9300470E01 /* cert.crt in CopyFiles */ = {isa = PBXBuildFile; fileRef = 55D1C6DD2AD32E8800470E01 /* cert.crt */; };
		55E4D32C2ACAF5AF00555999 /* CoreFoundation.framework in Frameworks */ = {isa = PBXBuildFile; fileRef = 55E4D31B2ACAF47E00555999 /* CoreFoundation.framework */; };
/* End PBXBuildFile section */

/* Begin PBXContainerItemProxy section */
		557487542AEB8DA800C0F6CA /* PBXContainerItemProxy */ = {
			isa = PBXContainerItemProxy;
			containerPortal = 557487502AEB8DA800C0F6CA /* networkcommon.xcodeproj */;
			proxyType = 2;
			remoteGlobalIDString = 55B372CF2AC3091000F0095E;
			remoteInfo = networkcommon;
		};
/* End PBXContainerItemProxy section */

/* Begin PBXCopyFilesBuildPhase section */
		55B372B62AC2ABCD00F0095E /* CopyFiles */ = {
			isa = PBXCopyFilesBuildPhase;
			buildActionMask = 12;
			dstPath = "";
			dstSubfolderSpec = 16;
			files = (
				55D1C6DE2AD32E9300470E01 /* cert.key in CopyFiles */,
				55D1C6DF2AD32E9300470E01 /* cert.crt in CopyFiles */,
			);
			runOnlyForDeploymentPostprocessing = 0;
		};
/* End PBXCopyFilesBuildPhase section */

/* Begin PBXFileReference section */
		557487472AEA47E100C0F6CA /* roomserver.cpp */ = {isa = PBXFileReference; lastKnownFileType = sourcecode.cpp.cpp; path = roomserver.cpp; sourceTree = "<group>"; };
		557487482AEA47E100C0F6CA /* roomserver.hpp */ = {isa = PBXFileReference; lastKnownFileType = sourcecode.cpp.h; path = roomserver.hpp; sourceTree = "<group>"; };
		557487502AEB8DA800C0F6CA /* networkcommon.xcodeproj */ = {isa = PBXFileReference; lastKnownFileType = "wrapper.pb-project"; name = networkcommon.xcodeproj; path = ../networkcommon/networkcommon.xcodeproj; sourceTree = "<group>"; };
		557487572AEB8E1A00C0F6CA /* libcommon.a */ = {isa = PBXFileReference; explicitFileType = archive.ar; path = libcommon.a; sourceTree = BUILT_PRODUCTS_DIR; };
		5574E6B42AD84A3A00FAFE08 /* qnetworkserver.cpp */ = {isa = PBXFileReference; lastKnownFileType = sourcecode.cpp.cpp; path = qnetworkserver.cpp; sourceTree = "<group>"; };
		5574E6B52AD84A3A00FAFE08 /* qnetworkserver.hpp */ = {isa = PBXFileReference; lastKnownFileType = sourcecode.cpp.h; path = qnetworkserver.hpp; sourceTree = "<group>"; };
		5574E6C12ADBB1CD00FAFE08 /* gameserver.cpp */ = {isa = PBXFileReference; lastKnownFileType = sourcecode.cpp.cpp; path = gameserver.cpp; sourceTree = "<group>"; };
		5574E6C22ADBB1CD00FAFE08 /* gameserver.hpp */ = {isa = PBXFileReference; lastKnownFileType = sourcecode.cpp.h; path = gameserver.hpp; sourceTree = "<group>"; };
		55B372B82AC2ABCD00F0095E /* qserver */ = {isa = PBXFileReference; explicitFileType = "compiled.mach-o.executable"; includeInIndex = 0; path = qserver; sourceTree = BUILT_PRODUCTS_DIR; };
		55B372BB2AC2ABCD00F0095E /* main.cpp */ = {isa = PBXFileReference; lastKnownFileType = sourcecode.cpp.cpp; path = main.cpp; sourceTree = "<group>"; };
		55D1C6CC2AD2A48D00470E01 /* libev.a */ = {isa = PBXFileReference; lastKnownFileType = archive.ar; name = libev.a; path = ../networkcommon/libs/libev.a; sourceTree = "<group>"; };
		55D1C6CD2AD2A48D00470E01 /* libquiche.a */ = {isa = PBXFileReference; lastKnownFileType = archive.ar; name = libquiche.a; path = ../networkcommon/libs/libquiche.a; sourceTree = "<group>"; };
		55D1C6D02AD2A49B00470E01 /* Security.framework */ = {isa = PBXFileReference; lastKnownFileType = wrapper.framework; name = Security.framework; path = System/Library/Frameworks/Security.framework; sourceTree = SDKROOT; };
		55D1C6DC2AD32E8800470E01 /* cert.key */ = {isa = PBXFileReference; lastKnownFileType = text; path = cert.key; sourceTree = "<group>"; };
		55D1C6DD2AD32E8800470E01 /* cert.crt */ = {isa = PBXFileReference; lastKnownFileType = text; path = cert.crt; sourceTree = "<group>"; };
		55E4D31B2ACAF47E00555999 /* CoreFoundation.framework */ = {isa = PBXFileReference; lastKnownFileType = wrapper.framework; name = CoreFoundation.framework; path = System/Library/Frameworks/CoreFoundation.framework; sourceTree = SDKROOT; };
		55FB29CE2ACF32220051DDF9 /* libquiche.a */ = {isa = PBXFileReference; lastKnownFileType = archive.ar; name = libquiche.a; path = ../../quiche/target/debug/deps/libquiche.a; sourceTree = "<group>"; };
/* End PBXFileReference section */

/* Begin PBXFrameworksBuildPhase section */
		55B372B52AC2ABCD00F0095E /* Frameworks */ = {
			isa = PBXFrameworksBuildPhase;
			buildActionMask = 2147483647;
			files = (
				557487582AEB8E1A00C0F6CA /* libcommon.a in Frameworks */,
				55D1C6CF2AD2A49000470E01 /* libquiche.a in Frameworks */,
				557487562AEB8E0E00C0F6CA /* libnetworkcommon.a in Frameworks */,
				55D1C6D12AD2A49B00470E01 /* Security.framework in Frameworks */,
				55D1C6CE2AD2A49000470E01 /* libev.a in Frameworks */,
				55E4D32C2ACAF5AF00555999 /* CoreFoundation.framework in Frameworks */,
			);
			runOnlyForDeploymentPostprocessing = 0;
		};
/* End PBXFrameworksBuildPhase section */

/* Begin PBXGroup section */
		557487512AEB8DA800C0F6CA /* Products */ = {
			isa = PBXGroup;
			children = (
				557487552AEB8DA800C0F6CA /* libnetworkcommon.a */,
			);
			name = Products;
			sourceTree = "<group>";
		};
		55853CDE2AC32E7600901E52 /* Frameworks */ = {
			isa = PBXGroup;
			children = (
				557487572AEB8E1A00C0F6CA /* libcommon.a */,
				55D1C6D02AD2A49B00470E01 /* Security.framework */,
				55FB29CE2ACF32220051DDF9 /* libquiche.a */,
				55D1C6CC2AD2A48D00470E01 /* libev.a */,
				55D1C6CD2AD2A48D00470E01 /* libquiche.a */,
				55E4D31B2ACAF47E00555999 /* CoreFoundation.framework */,
			);
			name = Frameworks;
			sourceTree = "<group>";
		};
		55B372AF2AC2ABCD00F0095E = {
			isa = PBXGroup;
			children = (
				557487502AEB8DA800C0F6CA /* networkcommon.xcodeproj */,
				55D1C6DB2AD32E8800470E01 /* certs */,
				55B372BA2AC2ABCD00F0095E /* source */,
				55B372B92AC2ABCD00F0095E /* Products */,
				55853CDE2AC32E7600901E52 /* Frameworks */,
			);
			sourceTree = "<group>";
		};
		55B372B92AC2ABCD00F0095E /* Products */ = {
			isa = PBXGroup;
			children = (
				55B372B82AC2ABCD00F0095E /* qserver */,
			);
			name = Products;
			sourceTree = "<group>";
		};
		55B372BA2AC2ABCD00F0095E /* source */ = {
			isa = PBXGroup;
			children = (
				55B372BB2AC2ABCD00F0095E /* main.cpp */,
				5574E6B42AD84A3A00FAFE08 /* qnetworkserver.cpp */,
				5574E6B52AD84A3A00FAFE08 /* qnetworkserver.hpp */,
				5574E6C12ADBB1CD00FAFE08 /* gameserver.cpp */,
				5574E6C22ADBB1CD00FAFE08 /* gameserver.hpp */,
				557487472AEA47E100C0F6CA /* roomserver.cpp */,
				557487482AEA47E100C0F6CA /* roomserver.hpp */,
			);
			path = source;
			sourceTree = "<group>";
		};
		55D1C6DB2AD32E8800470E01 /* certs */ = {
			isa = PBXGroup;
			children = (
				55D1C6DC2AD32E8800470E01 /* cert.key */,
				55D1C6DD2AD32E8800470E01 /* cert.crt */,
			);
			path = certs;
			sourceTree = "<group>";
		};
/* End PBXGroup section */

/* Begin PBXNativeTarget section */
		55B372B72AC2ABCD00F0095E /* qserver */ = {
			isa = PBXNativeTarget;
			buildConfigurationList = 55B372BF2AC2ABCD00F0095E /* Build configuration list for PBXNativeTarget "qserver" */;
			buildPhases = (
				55B372B42AC2ABCD00F0095E /* Sources */,
				55B372B52AC2ABCD00F0095E /* Frameworks */,
				55B372B62AC2ABCD00F0095E /* CopyFiles */,
			);
			buildRules = (
			);
			dependencies = (
			);
			name = qserver;
			productName = NetworkServer;
			productReference = 55B372B82AC2ABCD00F0095E /* qserver */;
			productType = "com.apple.product-type.tool";
		};
/* End PBXNativeTarget section */

/* Begin PBXProject section */
		55B372B02AC2ABCD00F0095E /* Project object */ = {
			isa = PBXProject;
			attributes = {
				LastUpgradeCheck = 1340;
				TargetAttributes = {
					55B372B72AC2ABCD00F0095E = {
						CreatedOnToolsVersion = 12.4;
					};
				};
			};
			buildConfigurationList = 55B372B32AC2ABCD00F0095E /* Build configuration list for PBXProject "qserver" */;
			compatibilityVersion = "Xcode 9.3";
			developmentRegion = en;
			hasScannedForEncodings = 0;
			knownRegions = (
				en,
				Base,
			);
			mainGroup = 55B372AF2AC2ABCD00F0095E;
			productRefGroup = 55B372B92AC2ABCD00F0095E /* Products */;
			projectDirPath = "";
			projectReferences = (
				{
					ProductGroup = 557487512AEB8DA800C0F6CA /* Products */;
					ProjectRef = 557487502AEB8DA800C0F6CA /* networkcommon.xcodeproj */;
				},
			);
			projectRoot = "";
			targets = (
				55B372B72AC2ABCD00F0095E /* qserver */,
			);
		};
/* End PBXProject section */

/* Begin PBXReferenceProxy section */
		557487552AEB8DA800C0F6CA /* libnetworkcommon.a */ = {
			isa = PBXReferenceProxy;
			fileType = archive.ar;
			path = libnetworkcommon.a;
			remoteRef = 557487542AEB8DA800C0F6CA /* PBXContainerItemProxy */;
			sourceTree = BUILT_PRODUCTS_DIR;
		};
/* End PBXReferenceProxy section */

/* Begin PBXSourcesBuildPhase section */
		55B372B42AC2ABCD00F0095E /* Sources */ = {
			isa = PBXSourcesBuildPhase;
			buildActionMask = 2147483647;
			files = (
				55B372BC2AC2ABCD00F0095E /* main.cpp in Sources */,
				5574E6C32ADBB1CD00FAFE08 /* gameserver.cpp in Sources */,
				5574E6B62AD84A3A00FAFE08 /* qnetworkserver.cpp in Sources */,
				557487492AEA47E100C0F6CA /* roomserver.cpp in Sources */,
			);
			runOnlyForDeploymentPostprocessing = 0;
		};
/* End PBXSourcesBuildPhase section */

/* Begin XCBuildConfiguration section */
		55B372BD2AC2ABCD00F0095E /* Debug */ = {
			isa = XCBuildConfiguration;
			buildSettings = {
				ALWAYS_SEARCH_USER_PATHS = NO;
				CLANG_ANALYZER_NONNULL = YES;
				CLANG_ANALYZER_NUMBER_OBJECT_CONVERSION = YES_AGGRESSIVE;
				CLANG_CXX_LANGUAGE_STANDARD = "gnu++14";
				CLANG_CXX_LIBRARY = "libc++";
				CLANG_ENABLE_MODULES = YES;
				CLANG_ENABLE_OBJC_ARC = YES;
				CLANG_ENABLE_OBJC_WEAK = YES;
				CLANG_WARN_BLOCK_CAPTURE_AUTORELEASING = YES;
				CLANG_WARN_BOOL_CONVERSION = YES;
				CLANG_WARN_COMMA = YES;
				CLANG_WARN_CONSTANT_CONVERSION = YES;
				CLANG_WARN_DEPRECATED_OBJC_IMPLEMENTATIONS = YES;
				CLANG_WARN_DIRECT_OBJC_ISA_USAGE = YES_ERROR;
				CLANG_WARN_DOCUMENTATION_COMMENTS = YES;
				CLANG_WARN_EMPTY_BODY = YES;
				CLANG_WARN_ENUM_CONVERSION = YES;
				CLANG_WARN_INFINITE_RECURSION = YES;
				CLANG_WARN_INT_CONVERSION = YES;
				CLANG_WARN_NON_LITERAL_NULL_CONVERSION = YES;
				CLANG_WARN_OBJC_IMPLICIT_RETAIN_SELF = YES;
				CLANG_WARN_OBJC_LITERAL_CONVERSION = YES;
				CLANG_WARN_OBJC_ROOT_CLASS = YES_ERROR;
				CLANG_WARN_QUOTED_INCLUDE_IN_FRAMEWORK_HEADER = YES;
				CLANG_WARN_RANGE_LOOP_ANALYSIS = YES;
				CLANG_WARN_STRICT_PROTOTYPES = YES;
				CLANG_WARN_SUSPICIOUS_MOVE = YES;
				CLANG_WARN_UNGUARDED_AVAILABILITY = YES_AGGRESSIVE;
				CLANG_WARN_UNREACHABLE_CODE = YES;
				CLANG_WARN__DUPLICATE_METHOD_MATCH = YES;
				COPY_PHASE_STRIP = NO;
				DEBUG_INFORMATION_FORMAT = dwarf;
				ENABLE_STRICT_OBJC_MSGSEND = YES;
				ENABLE_TESTABILITY = YES;
				GCC_C_LANGUAGE_STANDARD = gnu11;
				GCC_DYNAMIC_NO_PIC = NO;
				GCC_NO_COMMON_BLOCKS = YES;
				GCC_OPTIMIZATION_LEVEL = 0;
				GCC_PREPROCESSOR_DEFINITIONS = (
					"DEBUG=1",
					"$(inherited)",
				);
				GCC_WARN_64_TO_32_BIT_CONVERSION = YES;
				GCC_WARN_ABOUT_RETURN_TYPE = YES_ERROR;
				GCC_WARN_UNDECLARED_SELECTOR = YES;
				GCC_WARN_UNINITIALIZED_AUTOS = YES_AGGRESSIVE;
				GCC_WARN_UNUSED_FUNCTION = YES;
				GCC_WARN_UNUSED_VARIABLE = YES;
				MACOSX_DEPLOYMENT_TARGET = 11.1;
				MTL_ENABLE_DEBUG_INFO = INCLUDE_SOURCE;
				MTL_FAST_MATH = YES;
				ONLY_ACTIVE_ARCH = YES;
				SDKROOT = macosx;
			};
			name = Debug;
		};
		55B372BE2AC2ABCD00F0095E /* Release */ = {
			isa = XCBuildConfiguration;
			buildSettings = {
				ALWAYS_SEARCH_USER_PATHS = NO;
				CLANG_ANALYZER_NONNULL = YES;
				CLANG_ANALYZER_NUMBER_OBJECT_CONVERSION = YES_AGGRESSIVE;
				CLANG_CXX_LANGUAGE_STANDARD = "gnu++14";
				CLANG_CXX_LIBRARY = "libc++";
				CLANG_ENABLE_MODULES = YES;
				CLANG_ENABLE_OBJC_ARC = YES;
				CLANG_ENABLE_OBJC_WEAK = YES;
				CLANG_WARN_BLOCK_CAPTURE_AUTORELEASING = YES;
				CLANG_WARN_BOOL_CONVERSION = YES;
				CLANG_WARN_COMMA = YES;
				CLANG_WARN_CONSTANT_CONVERSION = YES;
				CLANG_WARN_DEPRECATED_OBJC_IMPLEMENTATIONS = YES;
				CLANG_WARN_DIRECT_OBJC_ISA_USAGE = YES_ERROR;
				CLANG_WARN_DOCUMENTATION_COMMENTS = YES;
				CLANG_WARN_EMPTY_BODY = YES;
				CLANG_WARN_ENUM_CONVERSION = YES;
				CLANG_WARN_INFINITE_RECURSION = YES;
				CLANG_WARN_INT_CONVERSION = YES;
				CLANG_WARN_NON_LITERAL_NULL_CONVERSION = YES;
				CLANG_WARN_OBJC_IMPLICIT_RETAIN_SELF = YES;
				CLANG_WARN_OBJC_LITERAL_CONVERSION = YES;
				CLANG_WARN_OBJC_ROOT_CLASS = YES_ERROR;
				CLANG_WARN_QUOTED_INCLUDE_IN_FRAMEWORK_HEADER = YES;
				CLANG_WARN_RANGE_LOOP_ANALYSIS = YES;
				CLANG_WARN_STRICT_PROTOTYPES = YES;
				CLANG_WARN_SUSPICIOUS_MOVE = YES;
				CLANG_WARN_UNGUARDED_AVAILABILITY = YES_AGGRESSIVE;
				CLANG_WARN_UNREACHABLE_CODE = YES;
				CLANG_WARN__DUPLICATE_METHOD_MATCH = YES;
				COPY_PHASE_STRIP = NO;
				DEBUG_INFORMATION_FORMAT = "dwarf-with-dsym";
				ENABLE_NS_ASSERTIONS = NO;
				ENABLE_STRICT_OBJC_MSGSEND = YES;
				GCC_C_LANGUAGE_STANDARD = gnu11;
				GCC_NO_COMMON_BLOCKS = YES;
				GCC_WARN_64_TO_32_BIT_CONVERSION = YES;
				GCC_WARN_ABOUT_RETURN_TYPE = YES_ERROR;
				GCC_WARN_UNDECLARED_SELECTOR = YES;
				GCC_WARN_UNINITIALIZED_AUTOS = YES_AGGRESSIVE;
				GCC_WARN_UNUSED_FUNCTION = YES;
				GCC_WARN_UNUSED_VARIABLE = YES;
				MACOSX_DEPLOYMENT_TARGET = 11.1;
				MTL_ENABLE_DEBUG_INFO = NO;
				MTL_FAST_MATH = YES;
				SDKROOT = macosx;
			};
			name = Release;
		};
		55B372C02AC2ABCD00F0095E /* Debug */ = {
			isa = XCBuildConfiguration;
			buildSettings = {
				CLANG_CXX_LANGUAGE_STANDARD = "gnu++14";
				CODE_SIGN_IDENTITY = "-";
				CODE_SIGN_STYLE = Automatic;
				DEVELOPMENT_TEAM = 5ZJZVQUB7D;
				ENABLE_HARDENED_RUNTIME = YES;
				GCC_PREPROCESSOR_DEFINITIONS = (
					"DEBUG=1",
					"LOG_LEVEL=LOG_LEVEL_1",
					"$(inherited)",
				);
				HEADER_SEARCH_PATHS = (
					"\"$(SRCROOT)/../networkcommon/Source/quiche\"",
					"\"$(SRCROOT)/../networkcommon/Source/ev\"",
				);
				LIBRARY_SEARCH_PATHS = "\"$(SRCROOT)/../networkcommon/libs\"";
				MACOSX_DEPLOYMENT_TARGET = 10.15;
				OTHER_LDFLAGS = "";
				PRODUCT_NAME = "$(TARGET_NAME)";
				WARNING_CFLAGS = "-Wno-noexcept-type";
			};
			name = Debug;
		};
		55B372C12AC2ABCD00F0095E /* Release */ = {
			isa = XCBuildConfiguration;
			buildSettings = {
				CLANG_CXX_LANGUAGE_STANDARD = "gnu++14";
				CODE_SIGN_IDENTITY = "-";
				CODE_SIGN_STYLE = Automatic;
				DEVELOPMENT_TEAM = 5ZJZVQUB7D;
				ENABLE_HARDENED_RUNTIME = YES;
				HEADER_SEARCH_PATHS = (
					"\"$(SRCROOT)/../networkcommon/Source/quiche\"",
					"\"$(SRCROOT)/../networkcommon/Source/ev\"",
				);
				LIBRARY_SEARCH_PATHS = "\"$(SRCROOT)/../networkcommon/libs\"";
				MACOSX_DEPLOYMENT_TARGET = 10.15;
				OTHER_LDFLAGS = "";
				PRODUCT_NAME = "$(TARGET_NAME)";
				WARNING_CFLAGS = "-Wno-noexcept-type";
			};
			name = Release;
		};
/* End XCBuildConfiguration section */

/* Begin XCConfigurationList section */
		55B372B32AC2ABCD00F0095E /* Build configuration list for PBXProject "qserver" */ = {
			isa = XCConfigurationList;
			buildConfigurations = (
				55B372BD2AC2ABCD00F0095E /* Debug */,
				55B372BE2AC2ABCD00F0095E /* Release */,
			);
			defaultConfigurationIsVisible = 0;
			defaultConfigurationName = Release;
		};
		55B372BF2AC2ABCD00F0095E /* Build configuration list for PBXNativeTarget "qserver" */ = {
			isa = XCConfigurationList;
			buildConfigurations = (
				55B372C02AC2ABCD00F0095E /* Debug */,
				55B372C12AC2ABCD00F0095E /* Release */,
			);
			defaultConfigurationIsVisible = 0;
			defaultConfigurationName = Release;
		};
/* End XCConfigurationList section */
	};
	rootObject = 55B372B02AC2ABCD00F0095E /* Project object */;
}
