// !$*UTF8*$!
{
	archiveVersion = 1;
	classes = {
	};
	objectVersion = 55;
	objects = {

/* Begin PBXBuildFile section */
		55384BAB2B97ADB800BE7723 /* libqutils.a in Frameworks */ = {isa = PBXBuildFile; fileRef = 55384BAA2B97ADB800BE7723 /* libqutils.a */; };
		556AB5EF2AF1B3C800D688DB /* libqhiredis.a in Frameworks */ = {isa = PBXBuildFile; fileRef = 556AB5EE2AF1B3C800D688DB /* libqhiredis.a */; };
		556AB5F32AF25B3500D688DB /* libhiredis.a in Frameworks */ = {isa = PBXBuildFile; fileRef = 556AB5F22AF25B3500D688DB /* libhiredis.a */; };
		556AB6102AF50A8900D688DB /* libmongoc-static-1.0.a in Frameworks */ = {isa = PBXBuildFile; fileRef = 556AB60F2AF50A8900D688DB /* libmongoc-static-1.0.a */; };
		556AB6BC2AF50E3B00D688DB /* libservercommon.a in Frameworks */ = {isa = PBXBuildFile; fileRef = 556AB6BB2AF50E3B00D688DB /* libservercommon.a */; };
		556AB6BE2AF514E900D688DB /* libsasl2.tbd in Frameworks */ = {isa = PBXBuildFile; fileRef = 556AB6BD2AF514E900D688DB /* libsasl2.tbd */; };
		556AB6FE2AF5745300D688DB /* libbson-static-1.0.a in Frameworks */ = {isa = PBXBuildFile; fileRef = 556AB6FC2AF5742000D688DB /* libbson-static-1.0.a */; };
		5574F20F2B1F727C007C93AA /* debug_new.cpp in Sources */ = {isa = PBXBuildFile; fileRef = 5574F20E2B1F727B007C93AA /* debug_new.cpp */; };
		5574F2112B1FA779007C93AA /* qh3server.cpp in Sources */ = {isa = PBXBuildFile; fileRef = 55A4ADD62AEFBA6300BC4CED /* qh3server.cpp */; };
		5574F2122B1FA779007C93AA /* http3_sample_server.cpp in Sources */ = {isa = PBXBuildFile; fileRef = 556AB5CC2AF0308800D688DB /* http3_sample_server.cpp */; };
		5593E1CF2B337E2B00D8E98B /* qh3simple_router.cpp in Sources */ = {isa = PBXBuildFile; fileRef = 5593E1CD2B337E2B00D8E98B /* qh3simple_router.cpp */; };
		5594E2232B3A309700E47984 /* http3_command_server.cpp in Sources */ = {isa = PBXBuildFile; fileRef = 5594E2212B3A309700E47984 /* http3_command_server.cpp */; };
		5594E2312B3FC9EB00E47984 /* qh3client.cpp in Sources */ = {isa = PBXBuildFile; fileRef = 5594E22E2B3FC9EB00E47984 /* qh3client.cpp */; };
		5594E2322B3FC9EB00E47984 /* qh3client_helper.cpp in Sources */ = {isa = PBXBuildFile; fileRef = 5594E22F2B3FC9EB00E47984 /* qh3client_helper.cpp */; };
		5594E2372B3FCD4200E47984 /* qh3simple_router_structs.cpp in Sources */ = {isa = PBXBuildFile; fileRef = 5594E2362B3FCD4200E47984 /* qh3simple_router_structs.cpp */; };
		5594E26E2B489B9E00E47984 /* libzookeeper_mt.a in Frameworks */ = {isa = PBXBuildFile; fileRef = 5594E26D2B489B9E00E47984 /* libzookeeper_mt.a */; };
		5594E2702B489BEF00E47984 /* qzookeeper.cpp in Sources */ = {isa = PBXBuildFile; fileRef = 5594E26F2B489BEF00E47984 /* qzookeeper.cpp */; };
		55A4ADBE2AEF836400BC4CED /* libcommon.a in Frameworks */ = {isa = PBXBuildFile; fileRef = 55A4ADBD2AEF836400BC4CED /* libcommon.a */; };
		55A4ADC02AEF836900BC4CED /* libnetworkcommon.a in Frameworks */ = {isa = PBXBuildFile; fileRef = 55A4ADBF2AEF836900BC4CED /* libnetworkcommon.a */; };
		55A4ADC22AEF838F00BC4CED /* libev.a in Frameworks */ = {isa = PBXBuildFile; fileRef = 55A4ADC12AEF838200BC4CED /* libev.a */; };
		55A4ADC42AEF83A800BC4CED /* libquiche.a in Frameworks */ = {isa = PBXBuildFile; fileRef = 55A4ADC32AEF839B00BC4CED /* libquiche.a */; };
		55A4ADC62AEFA3F800BC4CED /* CoreFoundation.framework in Frameworks */ = {isa = PBXBuildFile; fileRef = 55A4ADC52AEFA3F800BC4CED /* CoreFoundation.framework */; };
		55A4ADC82AEFA40F00BC4CED /* Security.framework in Frameworks */ = {isa = PBXBuildFile; fileRef = 55A4ADC72AEFA40F00BC4CED /* Security.framework */; };
		55A4ADDA2AEFBD2600BC4CED /* main.cpp in Sources */ = {isa = PBXBuildFile; fileRef = 55A4ADD92AEFBD2600BC4CED /* main.cpp */; };
		55A72F642B7F227F00064250 /* libdpp.10.0.30.dylib in Frameworks */ = {isa = PBXBuildFile; fileRef = 55A72F632B7F227F00064250 /* libdpp.10.0.30.dylib */; };
		55A72F652B7F22DC00064250 /* libdpp.10.0.30.dylib in Frameworks */ = {isa = PBXBuildFile; fileRef = 55A72F632B7F227F00064250 /* libdpp.10.0.30.dylib */; };
/* End PBXBuildFile section */

/* Begin PBXCopyFilesBuildPhase section */
		5594E2742B494B0500E47984 /* Embed Libraries */ = {
			isa = PBXCopyFilesBuildPhase;
			buildActionMask = 12;
			dstPath = "";
			dstSubfolderSpec = 10;
			files = (
			);
			name = "Embed Libraries";
			runOnlyForDeploymentPostprocessing = 0;
		};
		55A4AD9D2AEF825800BC4CED /* CopyFiles */ = {
			isa = PBXCopyFilesBuildPhase;
			buildActionMask = 12;
			dstPath = "";
			dstSubfolderSpec = 16;
			files = (
			);
			runOnlyForDeploymentPostprocessing = 0;
		};
/* End PBXCopyFilesBuildPhase section */

/* Begin PBXFileReference section */
		55384BAA2B97ADB800BE7723 /* libqutils.a */ = {isa = PBXFileReference; explicitFileType = archive.ar; path = libqutils.a; sourceTree = BUILT_PRODUCTS_DIR; };
		556AB5C82AF01D0500D688DB /* cert.key */ = {isa = PBXFileReference; lastKnownFileType = text; path = cert.key; sourceTree = "<group>"; };
		556AB5C92AF01D0500D688DB /* cert.crt */ = {isa = PBXFileReference; lastKnownFileType = text; path = cert.crt; sourceTree = "<group>"; };
		556AB5CC2AF0308800D688DB /* http3_sample_server.cpp */ = {isa = PBXFileReference; lastKnownFileType = sourcecode.cpp.cpp; path = http3_sample_server.cpp; sourceTree = "<group>"; };
		556AB5CD2AF0308800D688DB /* http3_sample_server.hpp */ = {isa = PBXFileReference; lastKnownFileType = sourcecode.cpp.h; path = http3_sample_server.hpp; sourceTree = "<group>"; };
		556AB5EE2AF1B3C800D688DB /* libqhiredis.a */ = {isa = PBXFileReference; explicitFileType = archive.ar; path = libqhiredis.a; sourceTree = BUILT_PRODUCTS_DIR; };
		556AB5F02AF1B3E900D688DB /* libhiredis.a */ = {isa = PBXFileReference; lastKnownFileType = archive.ar; name = libhiredis.a; path = ../networkcommon/libs/macos/libhiredis.a; sourceTree = "<group>"; };
		556AB5F22AF25B3500D688DB /* libhiredis.a */ = {isa = PBXFileReference; lastKnownFileType = archive.ar; name = libhiredis.a; path = ../qhiredis/libs/macos/libhiredis.a; sourceTree = "<group>"; };
		556AB60D2AF50A7500D688DB /* libbson-static-1.0.a */ = {isa = PBXFileReference; lastKnownFileType = archive.ar; name = "libbson-static-1.0.a"; path = "../servercommon/libs/macos/libbson-static-1.0.a"; sourceTree = "<group>"; };
		556AB60F2AF50A8900D688DB /* libmongoc-static-1.0.a */ = {isa = PBXFileReference; lastKnownFileType = archive.ar; name = "libmongoc-static-1.0.a"; path = "../servercommon/libs/macos/libmongoc-static-1.0.a"; sourceTree = "<group>"; };
		556AB6BB2AF50E3B00D688DB /* libservercommon.a */ = {isa = PBXFileReference; explicitFileType = archive.ar; path = libservercommon.a; sourceTree = BUILT_PRODUCTS_DIR; };
		556AB6BD2AF514E900D688DB /* libsasl2.tbd */ = {isa = PBXFileReference; lastKnownFileType = "sourcecode.text-based-dylib-definition"; name = libsasl2.tbd; path = usr/lib/libsasl2.tbd; sourceTree = SDKROOT; };
		556AB6FC2AF5742000D688DB /* libbson-static-1.0.a */ = {isa = PBXFileReference; lastKnownFileType = archive.ar; name = "libbson-static-1.0.a"; path = "../common/libs/macos/libbson-static-1.0.a"; sourceTree = "<group>"; };
		556ABABB2B0A318800D688DB /* libpq.a */ = {isa = PBXFileReference; lastKnownFileType = archive.ar; name = libpq.a; path = ../servercommon/libs/macos/libpq.a; sourceTree = "<group>"; };
		556ABAC12B0A784A00D688DB /* libpgcommon.a */ = {isa = PBXFileReference; lastKnownFileType = archive.ar; name = libpgcommon.a; path = ../servercommon/libs/macos/libpgcommon.a; sourceTree = "<group>"; };
		556ABAC32B0A78FA00D688DB /* libpgport.a */ = {isa = PBXFileReference; lastKnownFileType = archive.ar; name = libpgport.a; path = ../servercommon/libs/macos/libpgport.a; sourceTree = "<group>"; };
		5574F20E2B1F727B007C93AA /* debug_new.cpp */ = {isa = PBXFileReference; lastKnownFileType = sourcecode.cpp.cpp; name = debug_new.cpp; path = ../common/nvwa/debug_new.cpp; sourceTree = "<group>"; };
		5593E1CD2B337E2B00D8E98B /* qh3simple_router.cpp */ = {isa = PBXFileReference; lastKnownFileType = sourcecode.cpp.cpp; path = qh3simple_router.cpp; sourceTree = "<group>"; };
		5593E1CE2B337E2B00D8E98B /* qh3simple_router.hpp */ = {isa = PBXFileReference; lastKnownFileType = sourcecode.cpp.h; path = qh3simple_router.hpp; sourceTree = "<group>"; };
		5594E2212B3A309700E47984 /* http3_command_server.cpp */ = {isa = PBXFileReference; fileEncoding = 4; lastKnownFileType = sourcecode.cpp.cpp; path = http3_command_server.cpp; sourceTree = "<group>"; };
		5594E2222B3A309700E47984 /* http3_command_server.hpp */ = {isa = PBXFileReference; fileEncoding = 4; lastKnownFileType = sourcecode.cpp.h; path = http3_command_server.hpp; sourceTree = "<group>"; };
		5594E22E2B3FC9EB00E47984 /* qh3client.cpp */ = {isa = PBXFileReference; lastKnownFileType = sourcecode.cpp.cpp; name = qh3client.cpp; path = ../qh3client/qh3client/qh3client.cpp; sourceTree = "<group>"; };
		5594E22F2B3FC9EB00E47984 /* qh3client_helper.cpp */ = {isa = PBXFileReference; lastKnownFileType = sourcecode.cpp.cpp; name = qh3client_helper.cpp; path = ../qh3client/qh3client/qh3client_helper.cpp; sourceTree = "<group>"; };
		5594E2352B3FCCC200E47984 /* qh3simple_router_structs.h */ = {isa = PBXFileReference; lastKnownFileType = sourcecode.c.h; path = qh3simple_router_structs.h; sourceTree = "<group>"; };
		5594E2362B3FCD4200E47984 /* qh3simple_router_structs.cpp */ = {isa = PBXFileReference; fileEncoding = 4; lastKnownFileType = sourcecode.cpp.cpp; path = qh3simple_router_structs.cpp; sourceTree = "<group>"; };
		5594E26D2B489B9E00E47984 /* libzookeeper_mt.a */ = {isa = PBXFileReference; lastKnownFileType = archive.ar; name = libzookeeper_mt.a; path = ../qzookeeper/libs/macos/libzookeeper_mt.a; sourceTree = "<group>"; };
		5594E26F2B489BEF00E47984 /* qzookeeper.cpp */ = {isa = PBXFileReference; fileEncoding = 4; lastKnownFileType = sourcecode.cpp.cpp; name = qzookeeper.cpp; path = ../qzookeeper/source/qzookeeper.cpp; sourceTree = "<group>"; };
		5594E2712B494ADC00E47984 /* libzookeeper_mt.2.dylib */ = {isa = PBXFileReference; lastKnownFileType = "compiled.mach-o.dylib"; name = libzookeeper_mt.2.dylib; path = ../qzookeeper/libs/macos/libzookeeper_mt.2.dylib; sourceTree = "<group>"; };
		5594E2792B584E2800E47984 /* qh3server.entitlements */ = {isa = PBXFileReference; lastKnownFileType = text.plist.entitlements; path = qh3server.entitlements; sourceTree = "<group>"; };
		55A4AD9F2AEF825800BC4CED /* qh3server */ = {isa = PBXFileReference; explicitFileType = "compiled.mach-o.executable"; includeInIndex = 0; path = qh3server; sourceTree = BUILT_PRODUCTS_DIR; };
		55A4ADA22AEF825800BC4CED /* main_h3_server.cpp */ = {isa = PBXFileReference; lastKnownFileType = sourcecode.cpp.cpp; path = main_h3_server.cpp; sourceTree = "<group>"; };
		55A4ADBD2AEF836400BC4CED /* libcommon.a */ = {isa = PBXFileReference; explicitFileType = archive.ar; path = libcommon.a; sourceTree = BUILT_PRODUCTS_DIR; };
		55A4ADBF2AEF836900BC4CED /* libnetworkcommon.a */ = {isa = PBXFileReference; explicitFileType = archive.ar; path = libnetworkcommon.a; sourceTree = BUILT_PRODUCTS_DIR; };
		55A4ADC12AEF838200BC4CED /* libev.a */ = {isa = PBXFileReference; lastKnownFileType = archive.ar; name = libev.a; path = ../networkcommon/libs/macos/libev.a; sourceTree = "<group>"; };
		55A4ADC32AEF839B00BC4CED /* libquiche.a */ = {isa = PBXFileReference; lastKnownFileType = archive.ar; name = libquiche.a; path = ../networkcommon/libs/macos/libquiche.a; sourceTree = "<group>"; };
		55A4ADC52AEFA3F800BC4CED /* CoreFoundation.framework */ = {isa = PBXFileReference; lastKnownFileType = wrapper.framework; name = CoreFoundation.framework; path = System/Library/Frameworks/CoreFoundation.framework; sourceTree = SDKROOT; };
		55A4ADC72AEFA40F00BC4CED /* Security.framework */ = {isa = PBXFileReference; lastKnownFileType = wrapper.framework; name = Security.framework; path = System/Library/Frameworks/Security.framework; sourceTree = SDKROOT; };
		55A4ADD62AEFBA6300BC4CED /* qh3server.cpp */ = {isa = PBXFileReference; lastKnownFileType = sourcecode.cpp.cpp; path = qh3server.cpp; sourceTree = "<group>"; };
		55A4ADD72AEFBA6300BC4CED /* qh3server.hpp */ = {isa = PBXFileReference; lastKnownFileType = sourcecode.cpp.h; path = qh3server.hpp; sourceTree = "<group>"; };
		55A4ADD92AEFBD2600BC4CED /* main.cpp */ = {isa = PBXFileReference; lastKnownFileType = sourcecode.cpp.cpp; path = main.cpp; sourceTree = "<group>"; };
		55A72F632B7F227F00064250 /* libdpp.10.0.30.dylib */ = {isa = PBXFileReference; lastKnownFileType = "compiled.mach-o.dylib"; name = libdpp.10.0.30.dylib; path = ../servercommon/libs/macos/libdpp.10.0.30.dylib; sourceTree = "<group>"; };
		55CE94EB2B9F0263002C0278 /* configs */ = {isa = PBXFileReference; lastKnownFileType = folder; name = configs; path = ../configs; sourceTree = "<group>"; };
/* End PBXFileReference section */

/* Begin PBXFrameworksBuildPhase section */
		55A4AD9C2AEF825800BC4CED /* Frameworks */ = {
			isa = PBXFrameworksBuildPhase;
			buildActionMask = 2147483647;
			files = (
				55A72F642B7F227F00064250 /* libdpp.10.0.30.dylib in Frameworks */,
				5594E26E2B489B9E00E47984 /* libzookeeper_mt.a in Frameworks */,
				556AB6FE2AF5745300D688DB /* libbson-static-1.0.a in Frameworks */,
				55384BAB2B97ADB800BE7723 /* libqutils.a in Frameworks */,
				556AB6BE2AF514E900D688DB /* libsasl2.tbd in Frameworks */,
				556AB6BC2AF50E3B00D688DB /* libservercommon.a in Frameworks */,
				55A72F652B7F22DC00064250 /* libdpp.10.0.30.dylib in Frameworks */,
				556AB6102AF50A8900D688DB /* libmongoc-static-1.0.a in Frameworks */,
				556AB5F32AF25B3500D688DB /* libhiredis.a in Frameworks */,
				556AB5EF2AF1B3C800D688DB /* libqhiredis.a in Frameworks */,
				55A4ADC62AEFA3F800BC4CED /* CoreFoundation.framework in Frameworks */,
				55A4ADC42AEF83A800BC4CED /* libquiche.a in Frameworks */,
				55A4ADC22AEF838F00BC4CED /* libev.a in Frameworks */,
				55A4ADBE2AEF836400BC4CED /* libcommon.a in Frameworks */,
				55A4ADC82AEFA40F00BC4CED /* Security.framework in Frameworks */,
				55A4ADC02AEF836900BC4CED /* libnetworkcommon.a in Frameworks */,
			);
			runOnlyForDeploymentPostprocessing = 0;
		};
/* End PBXFrameworksBuildPhase section */

/* Begin PBXGroup section */
		556AB5C72AF01D0500D688DB /* certs */ = {
			isa = PBXGroup;
			children = (
				556AB5C82AF01D0500D688DB /* cert.key */,
				556AB5C92AF01D0500D688DB /* cert.crt */,
			);
			path = certs;
			sourceTree = "<group>";
		};
		5594E2342B3FCA0100E47984 /* shared_client_files */ = {
			isa = PBXGroup;
			children = (
				5594E22F2B3FC9EB00E47984 /* qh3client_helper.cpp */,
				5594E22E2B3FC9EB00E47984 /* qh3client.cpp */,
			);
			name = shared_client_files;
			sourceTree = "<group>";
		};
		55A4AD962AEF825700BC4CED = {
			isa = PBXGroup;
			children = (
				55CE94EB2B9F0263002C0278 /* configs */,
				5594E26F2B489BEF00E47984 /* qzookeeper.cpp */,
				5594E2342B3FCA0100E47984 /* shared_client_files */,
				5574F20E2B1F727B007C93AA /* debug_new.cpp */,
				556AB5C72AF01D0500D688DB /* certs */,
				55A4ADA12AEF825800BC4CED /* qh3server */,
				55A4ADA02AEF825800BC4CED /* Products */,
				55A4ADBC2AEF836400BC4CED /* Frameworks */,
			);
			sourceTree = "<group>";
		};
		55A4ADA02AEF825800BC4CED /* Products */ = {
			isa = PBXGroup;
			children = (
				55A4AD9F2AEF825800BC4CED /* qh3server */,
			);
			name = Products;
			sourceTree = "<group>";
		};
		55A4ADA12AEF825800BC4CED /* qh3server */ = {
			isa = PBXGroup;
			children = (
				5594E2792B584E2800E47984 /* qh3server.entitlements */,
				55A4ADA22AEF825800BC4CED /* main_h3_server.cpp */,
				55A4ADD62AEFBA6300BC4CED /* qh3server.cpp */,
				55A4ADD72AEFBA6300BC4CED /* qh3server.hpp */,
				55A4ADD92AEFBD2600BC4CED /* main.cpp */,
				5594E2212B3A309700E47984 /* http3_command_server.cpp */,
				5594E2222B3A309700E47984 /* http3_command_server.hpp */,
				556AB5CC2AF0308800D688DB /* http3_sample_server.cpp */,
				556AB5CD2AF0308800D688DB /* http3_sample_server.hpp */,
				5593E1CD2B337E2B00D8E98B /* qh3simple_router.cpp */,
				5593E1CE2B337E2B00D8E98B /* qh3simple_router.hpp */,
				5594E2352B3FCCC200E47984 /* qh3simple_router_structs.h */,
				5594E2362B3FCD4200E47984 /* qh3simple_router_structs.cpp */,
			);
			path = qh3server;
			sourceTree = "<group>";
		};
		55A4ADBC2AEF836400BC4CED /* Frameworks */ = {
			isa = PBXGroup;
			children = (
				55384BAA2B97ADB800BE7723 /* libqutils.a */,
				55A72F632B7F227F00064250 /* libdpp.10.0.30.dylib */,
				5594E2712B494ADC00E47984 /* libzookeeper_mt.2.dylib */,
				5594E26D2B489B9E00E47984 /* libzookeeper_mt.a */,
				556ABAC32B0A78FA00D688DB /* libpgport.a */,
				556ABAC12B0A784A00D688DB /* libpgcommon.a */,
				556ABABB2B0A318800D688DB /* libpq.a */,
				556AB6FC2AF5742000D688DB /* libbson-static-1.0.a */,
				556AB6BD2AF514E900D688DB /* libsasl2.tbd */,
				556AB6BB2AF50E3B00D688DB /* libservercommon.a */,
				556AB60F2AF50A8900D688DB /* libmongoc-static-1.0.a */,
				556AB60D2AF50A7500D688DB /* libbson-static-1.0.a */,
				556AB5F02AF1B3E900D688DB /* libhiredis.a */,
				556AB5F22AF25B3500D688DB /* libhiredis.a */,
				556AB5EE2AF1B3C800D688DB /* libqhiredis.a */,
				55A4ADC72AEFA40F00BC4CED /* Security.framework */,
				55A4ADC52AEFA3F800BC4CED /* CoreFoundation.framework */,
				55A4ADC32AEF839B00BC4CED /* libquiche.a */,
				55A4ADC12AEF838200BC4CED /* libev.a */,
				55A4ADBF2AEF836900BC4CED /* libnetworkcommon.a */,
				55A4ADBD2AEF836400BC4CED /* libcommon.a */,
			);
			name = Frameworks;
			sourceTree = "<group>";
		};
/* End PBXGroup section */

/* Begin PBXNativeTarget section */
		55A4AD9E2AEF825800BC4CED /* qh3server */ = {
			isa = PBXNativeTarget;
			buildConfigurationList = 55A4ADA62AEF825800BC4CED /* Build configuration list for PBXNativeTarget "qh3server" */;
			buildPhases = (
				55A4AD9B2AEF825800BC4CED /* Sources */,
				55A4AD9C2AEF825800BC4CED /* Frameworks */,
				55A4AD9D2AEF825800BC4CED /* CopyFiles */,
				5594E2742B494B0500E47984 /* Embed Libraries */,
				555F45BD2BA627F00077ADEE /* ShellScript */,
				5595E1222BB08AA900FA2618 /* ShellScript */,
			);
			buildRules = (
			);
			dependencies = (
			);
			name = qh3server;
			productName = qh3server;
			productReference = 55A4AD9F2AEF825800BC4CED /* qh3server */;
			productType = "com.apple.product-type.tool";
		};
/* End PBXNativeTarget section */

/* Begin PBXProject section */
		55A4AD972AEF825700BC4CED /* Project object */ = {
			isa = PBXProject;
			attributes = {
				BuildIndependentTargetsInParallel = 1;
				LastUpgradeCheck = 1340;
				TargetAttributes = {
					55A4AD9E2AEF825800BC4CED = {
						CreatedOnToolsVersion = 13.4;
					};
				};
			};
			buildConfigurationList = 55A4AD9A2AEF825700BC4CED /* Build configuration list for PBXProject "qh3server" */;
			compatibilityVersion = "Xcode 13.0";
			developmentRegion = en;
			hasScannedForEncodings = 0;
			knownRegions = (
				en,
				Base,
			);
			mainGroup = 55A4AD962AEF825700BC4CED;
			productRefGroup = 55A4ADA02AEF825800BC4CED /* Products */;
			projectDirPath = "";
			projectRoot = "";
			targets = (
				55A4AD9E2AEF825800BC4CED /* qh3server */,
			);
		};
/* End PBXProject section */

/* Begin PBXShellScriptBuildPhase section */
		555F45BD2BA627F00077ADEE /* ShellScript */ = {
			isa = PBXShellScriptBuildPhase;
			buildActionMask = 2147483647;
			files = (
			);
			inputFileListPaths = (
			);
			inputPaths = (
			);
			outputFileListPaths = (
			);
			outputPaths = (
			);
			runOnlyForDeploymentPostprocessing = 0;
			shellPath = /bin/sh;
			shellScript = "# Copy the configs directory\ncp -R \"${PROJECT_DIR}/../configs\" \"${BUILT_PRODUCTS_DIR}\"\n\n# Create the destination directory if it does not exist\n# if [ ! -d \"$DST_DIR\" ]; then\n#   mkdir -p \"$DST_DIR\"\n# fi\n\n# certs\ncp -R \"${PROJECT_DIR}/certs/cert.crt\" \"${BUILT_PRODUCTS_DIR}/cert.crt\"\ncp -R \"${PROJECT_DIR}/certs/cert.key\" \"${BUILT_PRODUCTS_DIR}/cert.key\"\n\n# libs\ncp -R \"${PROJECT_DIR}/../servercommon/libs/macos/libdpp.10.0.30.dylib\" \"${BUILT_PRODUCTS_DIR}/libdpp.10.0.30.dylib\"\n";
			showEnvVarsInLog = 0;
		};
		5595E1222BB08AA900FA2618 /* ShellScript */ = {
			isa = PBXShellScriptBuildPhase;
			buildActionMask = 12;
			files = (
			);
			inputFileListPaths = (
			);
			inputPaths = (
			);
			outputFileListPaths = (
			);
			outputPaths = (
			);
			runOnlyForDeploymentPostprocessing = 0;
			shellPath = /bin/sh;
			shellScript = "# clang-format\n# brew install clang-format (If clang-format is not installed)\nfind ${SRCROOT} \\( -iname \"*.h\" -o -iname \"*.hpp\" -o -iname \"*.m\" -o -iname \"*.mm\" -o -iname \"*.c\" -o -iname \"*.cpp\" \\) -exec clang-format -i {} +\n";
		};
/* End PBXShellScriptBuildPhase section */

/* Begin PBXSourcesBuildPhase section */
		55A4AD9B2AEF825800BC4CED /* Sources */ = {
			isa = PBXSourcesBuildPhase;
			buildActionMask = 2147483647;
			files = (
				5594E2312B3FC9EB00E47984 /* qh3client.cpp in Sources */,
				5594E2322B3FC9EB00E47984 /* qh3client_helper.cpp in Sources */,
				5594E2232B3A309700E47984 /* http3_command_server.cpp in Sources */,
				5594E2372B3FCD4200E47984 /* qh3simple_router_structs.cpp in Sources */,
				5574F2112B1FA779007C93AA /* qh3server.cpp in Sources */,
				5574F2122B1FA779007C93AA /* http3_sample_server.cpp in Sources */,
				5594E2702B489BEF00E47984 /* qzookeeper.cpp in Sources */,
				55A4ADDA2AEFBD2600BC4CED /* main.cpp in Sources */,
				5574F20F2B1F727C007C93AA /* debug_new.cpp in Sources */,
				5593E1CF2B337E2B00D8E98B /* qh3simple_router.cpp in Sources */,
			);
			runOnlyForDeploymentPostprocessing = 0;
		};
/* End PBXSourcesBuildPhase section */

/* Begin XCBuildConfiguration section */
		55A4ADA42AEF825800BC4CED /* Debug */ = {
			isa = XCBuildConfiguration;
			buildSettings = {
				ALWAYS_SEARCH_USER_PATHS = NO;
				CLANG_ANALYZER_NONNULL = YES;
				CLANG_ANALYZER_NUMBER_OBJECT_CONVERSION = YES_AGGRESSIVE;
				CLANG_CXX_LANGUAGE_STANDARD = "gnu++17";
				CLANG_ENABLE_MODULES = YES;
				CLANG_ENABLE_OBJC_ARC = YES;
				CLANG_ENABLE_OBJC_WEAK = YES;
				CLANG_WARN_BLOCK_CAPTURE_AUTORELEASING = YES;
				CLANG_WARN_BOOL_CONVERSION = YES;
				CLANG_WARN_COMMA = YES;
				CLANG_WARN_CONSTANT_CONVERSION = YES;
				CLANG_WARN_DEPRECATED_OBJC_IMPLEMENTATIONS = YES;
				CLANG_WARN_DIRECT_OBJC_ISA_USAGE = YES_ERROR;
				CLANG_WARN_DOCUMENTATION_COMMENTS = YES;
				CLANG_WARN_EMPTY_BODY = YES;
				CLANG_WARN_ENUM_CONVERSION = YES;
				CLANG_WARN_INFINITE_RECURSION = YES;
				CLANG_WARN_INT_CONVERSION = YES;
				CLANG_WARN_NON_LITERAL_NULL_CONVERSION = YES;
				CLANG_WARN_OBJC_IMPLICIT_RETAIN_SELF = YES;
				CLANG_WARN_OBJC_LITERAL_CONVERSION = YES;
				CLANG_WARN_OBJC_ROOT_CLASS = YES_ERROR;
				CLANG_WARN_QUOTED_INCLUDE_IN_FRAMEWORK_HEADER = YES;
				CLANG_WARN_RANGE_LOOP_ANALYSIS = YES;
				CLANG_WARN_STRICT_PROTOTYPES = YES;
				CLANG_WARN_SUSPICIOUS_MOVE = YES;
				CLANG_WARN_UNGUARDED_AVAILABILITY = YES_AGGRESSIVE;
				CLANG_WARN_UNREACHABLE_CODE = YES;
				CLANG_WARN__DUPLICATE_METHOD_MATCH = YES;
				COPY_PHASE_STRIP = NO;
				DEBUG_INFORMATION_FORMAT = dwarf;
				ENABLE_STRICT_OBJC_MSGSEND = YES;
				ENABLE_TESTABILITY = YES;
				GCC_C_LANGUAGE_STANDARD = gnu11;
				GCC_DYNAMIC_NO_PIC = NO;
				GCC_NO_COMMON_BLOCKS = YES;
				GCC_OPTIMIZATION_LEVEL = 0;
				GCC_PREPROCESSOR_DEFINITIONS = (
					"DEBUG=1",
					"$(inherited)",
				);
				GCC_WARN_64_TO_32_BIT_CONVERSION = YES;
				GCC_WARN_ABOUT_RETURN_TYPE = YES_ERROR;
				GCC_WARN_UNDECLARED_SELECTOR = YES;
				GCC_WARN_UNINITIALIZED_AUTOS = YES_AGGRESSIVE;
				GCC_WARN_UNUSED_FUNCTION = YES;
				GCC_WARN_UNUSED_VARIABLE = YES;
				MACOSX_DEPLOYMENT_TARGET = 12.3;
				MTL_ENABLE_DEBUG_INFO = INCLUDE_SOURCE;
				MTL_FAST_MATH = YES;
				ONLY_ACTIVE_ARCH = YES;
				SDKROOT = macosx;
			};
			name = Debug;
		};
		55A4ADA52AEF825800BC4CED /* Release */ = {
			isa = XCBuildConfiguration;
			buildSettings = {
				ALWAYS_SEARCH_USER_PATHS = NO;
				CLANG_ANALYZER_NONNULL = YES;
				CLANG_ANALYZER_NUMBER_OBJECT_CONVERSION = YES_AGGRESSIVE;
				CLANG_CXX_LANGUAGE_STANDARD = "gnu++17";
				CLANG_ENABLE_MODULES = YES;
				CLANG_ENABLE_OBJC_ARC = YES;
				CLANG_ENABLE_OBJC_WEAK = YES;
				CLANG_WARN_BLOCK_CAPTURE_AUTORELEASING = YES;
				CLANG_WARN_BOOL_CONVERSION = YES;
				CLANG_WARN_COMMA = YES;
				CLANG_WARN_CONSTANT_CONVERSION = YES;
				CLANG_WARN_DEPRECATED_OBJC_IMPLEMENTATIONS = YES;
				CLANG_WARN_DIRECT_OBJC_ISA_USAGE = YES_ERROR;
				CLANG_WARN_DOCUMENTATION_COMMENTS = YES;
				CLANG_WARN_EMPTY_BODY = YES;
				CLANG_WARN_ENUM_CONVERSION = YES;
				CLANG_WARN_INFINITE_RECURSION = YES;
				CLANG_WARN_INT_CONVERSION = YES;
				CLANG_WARN_NON_LITERAL_NULL_CONVERSION = YES;
				CLANG_WARN_OBJC_IMPLICIT_RETAIN_SELF = YES;
				CLANG_WARN_OBJC_LITERAL_CONVERSION = YES;
				CLANG_WARN_OBJC_ROOT_CLASS = YES_ERROR;
				CLANG_WARN_QUOTED_INCLUDE_IN_FRAMEWORK_HEADER = YES;
				CLANG_WARN_RANGE_LOOP_ANALYSIS = YES;
				CLANG_WARN_STRICT_PROTOTYPES = YES;
				CLANG_WARN_SUSPICIOUS_MOVE = YES;
				CLANG_WARN_UNGUARDED_AVAILABILITY = YES_AGGRESSIVE;
				CLANG_WARN_UNREACHABLE_CODE = YES;
				CLANG_WARN__DUPLICATE_METHOD_MATCH = YES;
				COPY_PHASE_STRIP = NO;
				DEBUG_INFORMATION_FORMAT = "dwarf-with-dsym";
				ENABLE_NS_ASSERTIONS = NO;
				ENABLE_STRICT_OBJC_MSGSEND = YES;
				GCC_C_LANGUAGE_STANDARD = gnu11;
				GCC_NO_COMMON_BLOCKS = YES;
				GCC_WARN_64_TO_32_BIT_CONVERSION = YES;
				GCC_WARN_ABOUT_RETURN_TYPE = YES_ERROR;
				GCC_WARN_UNDECLARED_SELECTOR = YES;
				GCC_WARN_UNINITIALIZED_AUTOS = YES_AGGRESSIVE;
				GCC_WARN_UNUSED_FUNCTION = YES;
				GCC_WARN_UNUSED_VARIABLE = YES;
				MACOSX_DEPLOYMENT_TARGET = 12.3;
				MTL_ENABLE_DEBUG_INFO = NO;
				MTL_FAST_MATH = YES;
				SDKROOT = macosx;
			};
			name = Release;
		};
		55A4ADA72AEF825800BC4CED /* Debug */ = {
			isa = XCBuildConfiguration;
			buildSettings = {
				CODE_SIGN_ENTITLEMENTS = qh3server/qh3server.entitlements;
				CODE_SIGN_IDENTITY = "-";
				CODE_SIGN_STYLE = Automatic;
				DEVELOPMENT_TEAM = 5ZJZVQUB7D;
				ENABLE_HARDENED_RUNTIME = YES;
				GCC_PREFIX_HEADER = "$(SRCROOT)/../common/nvwa/debug_new.pch";
				GCC_PREPROCESSOR_DEFINITIONS = (
					"$(inherited)",
					"DEBUG=1",
					"LOG_LEVEL=3",
					"FORK_QH3_SERVER=0",
					THREADED,
					"ENABLE_ZK=1",
					"DEV_BUILD=1",
				);
				HEADER_SEARCH_PATHS = (
					"\"$(SRCROOT)/../networkcommon/source/ev\"",
					"\"$(SRCROOT)/../networkcommon/source/quiche\"",
					"\"$(SRCROOT)/../qhiredis/hiredis\"",
					"\"$(SRCROOT)/../servercommon/source/libmongoc-1.0\"",
					"\"$(SRCROOT)/../common/libbson-1.0\"",
					"\"$(SRCROOT)/../common/uthash\"",
					"\"$(SRCROOT)/../common/nvwa\"",
					"\"$(SRCROOT)/../qh3client/qh3client\"",
					"\"$(SRCROOT)/../qzookeeper/zookeeper\"",
					"\"$(SRCROOT)/../common\"",
					"\"$(SRCROOT)/../qutils\"",
				);
				LIBRARY_SEARCH_PATHS = (
					"\"$(SRCROOT)/../networkcommon/libs/macos\"",
					"\"$(SRCROOT)/../qhiredis/libs/macos\"",
					"\"$(SRCROOT)/../servercommon/libs/macos\"",
					"\"$(SRCROOT)/../common/libs/macos\"",
					"\"$(SRCROOT)/../qzookeeper/libs/macos\"",
				);
				OTHER_LDFLAGS = "-lresolv";
				PRODUCT_NAME = "$(TARGET_NAME)";
				WARNING_CFLAGS = "";
			};
			name = Debug;
		};
		55A4ADA82AEF825800BC4CED /* Release */ = {
			isa = XCBuildConfiguration;
			buildSettings = {
				CODE_SIGN_ENTITLEMENTS = qh3server/qh3server.entitlements;
				CODE_SIGN_IDENTITY = "-";
				CODE_SIGN_STYLE = Automatic;
				DEVELOPMENT_TEAM = 5ZJZVQUB7D;
				ENABLE_HARDENED_RUNTIME = YES;
				GCC_PREPROCESSOR_DEFINITIONS = (
					"LOG_LEVEL=3",
					"FORK_QH3_SERVER=1",
					THREADED,
					"ENABLE_ZK=1",
					"PROD_BUILD=1",
				);
				HEADER_SEARCH_PATHS = (
					"\"$(SRCROOT)/../networkcommon/source/ev\"",
					"\"$(SRCROOT)/../networkcommon/source/quiche\"",
					"\"$(SRCROOT)/../qhiredis/hiredis\"",
					"\"$(SRCROOT)/../servercommon/source/libmongoc-1.0\"",
					"\"$(SRCROOT)/../common/libbson-1.0\"",
					"\"$(SRCROOT)/../common/uthash\"",
					"\"$(SRCROOT)/../common/nvwa\"",
					"\"$(SRCROOT)/../qh3client/qh3client\"",
					"\"$(SRCROOT)/../qzookeeper/zookeeper\"",
					"\"$(SRCROOT)/../common\"",
					"\"$(SRCROOT)/../qutils\"",
				);
				LIBRARY_SEARCH_PATHS = (
					"\"$(SRCROOT)/../networkcommon/libs/macos\"",
					"\"$(SRCROOT)/../qhiredis/libs/macos\"",
					"\"$(SRCROOT)/../servercommon/libs/macos\"",
					"\"$(SRCROOT)/../common/libs/macos\"",
					"\"$(SRCROOT)/../qzookeeper/libs/macos\"",
				);
				ONLY_ACTIVE_ARCH = YES;
				OTHER_LDFLAGS = "-lresolv";
				PRODUCT_NAME = "$(TARGET_NAME)";
				WARNING_CFLAGS = "";
			};
			name = Release;
		};
/* End XCBuildConfiguration section */

/* Begin XCConfigurationList section */
		55A4AD9A2AEF825700BC4CED /* Build configuration list for PBXProject "qh3server" */ = {
			isa = XCConfigurationList;
			buildConfigurations = (
				55A4ADA42AEF825800BC4CED /* Debug */,
				55A4ADA52AEF825800BC4CED /* Release */,
			);
			defaultConfigurationIsVisible = 0;
			defaultConfigurationName = Release;
		};
		55A4ADA62AEF825800BC4CED /* Build configuration list for PBXNativeTarget "qh3server" */ = {
			isa = XCConfigurationList;
			buildConfigurations = (
				55A4ADA72AEF825800BC4CED /* Debug */,
				55A4ADA82AEF825800BC4CED /* Release */,
			);
			defaultConfigurationIsVisible = 0;
			defaultConfigurationName = Release;
		};
/* End XCConfigurationList section */
	};
	rootObject = 55A4AD972AEF825700BC4CED /* Project object */;
}
