// !$*UTF8*$!
{
	archiveVersion = 1;
	classes = {
	};
	objectVersion = 55;
	objects = {

/* Begin PBXBuildFile section */
		55384BAB2B97ADB800BE7723 /* libqutils.a in Frameworks */ = {isa = PBXBuildFile; fileRef = 55384BAA2B97ADB800BE7723 /* libqutils.a */; };
		555EB08F2C2B0B5A001F1B21 /* qh3router_extended.cpp in Sources */ = {isa = PBXBuildFile; fileRef = 555EB08E2C2B0B5A001F1B21 /* qh3router_extended.cpp */; };
		555EB0EA2C2F0D31001F1B21 /* qh3client.cpp in Sources */ = {isa = PBXBuildFile; fileRef = 5594E22E2B3FC9EB00E47984 /* qh3client.cpp */; };
		555EB0EB2C2F0D34001F1B21 /* qh3client_helper.cpp in Sources */ = {isa = PBXBuildFile; fileRef = 5594E22F2B3FC9EB00E47984 /* qh3client_helper.cpp */; };
		555EB0EC2C2F0D37001F1B21 /* qzookeeper.cpp in Sources */ = {isa = PBXBuildFile; fileRef = 5594E26F2B489BEF00E47984 /* qzookeeper.cpp */; };
		555EB0ED2C2F0D3B001F1B21 /* debug_new.cpp in Sources */ = {isa = PBXBuildFile; fileRef = 5574F20E2B1F727B007C93AA /* debug_new.cpp */; };
		555EB0EE2C2F0D40001F1B21 /* qh3server.cpp in Sources */ = {isa = PBXBuildFile; fileRef = 55A4ADD62AEFBA6300BC4CED /* qh3server.cpp */; };
		555EB0EF2C2F0D46001F1B21 /* http3_command_server.cpp in Sources */ = {isa = PBXBuildFile; fileRef = 5594E2212B3A309700E47984 /* http3_command_server.cpp */; };
		555EB0F02C2F0D4D001F1B21 /* http3_sample_server.cpp in Sources */ = {isa = PBXBuildFile; fileRef = 556AB5CC2AF0308800D688DB /* http3_sample_server.cpp */; };
		555EB0F12C2F0D52001F1B21 /* qh3router.cpp in Sources */ = {isa = PBXBuildFile; fileRef = 5593E1CD2B337E2B00D8E98B /* qh3router.cpp */; };
		555EB0F22C2F0D55001F1B21 /* qh3router_extended.cpp in Sources */ = {isa = PBXBuildFile; fileRef = 555EB08E2C2B0B5A001F1B21 /* qh3router_extended.cpp */; };
		555EB0F32C2F0D59001F1B21 /* qh3router_structs.cpp in Sources */ = {isa = PBXBuildFile; fileRef = 5594E2362B3FCD4200E47984 /* qh3router_structs.cpp */; };
		556AB5EF2AF1B3C800D688DB /* libqhiredis.a in Frameworks */ = {isa = PBXBuildFile; fileRef = 556AB5EE2AF1B3C800D688DB /* libqhiredis.a */; };
		556AB5F32AF25B3500D688DB /* libhiredis.a in Frameworks */ = {isa = PBXBuildFile; fileRef = 556AB5F22AF25B3500D688DB /* libhiredis.a */; };
		556AB6102AF50A8900D688DB /* libmongoc-static-1.0.a in Frameworks */ = {isa = PBXBuildFile; fileRef = 556AB60F2AF50A8900D688DB /* libmongoc-static-1.0.a */; };
		556AB6BC2AF50E3B00D688DB /* libservercommon.a in Frameworks */ = {isa = PBXBuildFile; fileRef = 556AB6BB2AF50E3B00D688DB /* libservercommon.a */; };
		556AB6BE2AF514E900D688DB /* libsasl2.tbd in Frameworks */ = {isa = PBXBuildFile; fileRef = 556AB6BD2AF514E900D688DB /* libsasl2.tbd */; };
		556AB6FE2AF5745300D688DB /* libbson-static-1.0.a in Frameworks */ = {isa = PBXBuildFile; fileRef = 556AB6FC2AF5742000D688DB /* libbson-static-1.0.a */; };
		5574F20F2B1F727C007C93AA /* debug_new.cpp in Sources */ = {isa = PBXBuildFile; fileRef = 5574F20E2B1F727B007C93AA /* debug_new.cpp */; };
		5574F2112B1FA779007C93AA /* qh3server.cpp in Sources */ = {isa = PBXBuildFile; fileRef = 55A4ADD62AEFBA6300BC4CED /* qh3server.cpp */; };
		5574F2122B1FA779007C93AA /* http3_sample_server.cpp in Sources */ = {isa = PBXBuildFile; fileRef = 556AB5CC2AF0308800D688DB /* http3_sample_server.cpp */; };
		557620542C7675F1002372E4 /* libuv.a in Frameworks */ = {isa = PBXBuildFile; fileRef = 557620532C7675E1002372E4 /* libuv.a */; };
		5576DA782BED515E00B39413 /* libcurl.tbd in Frameworks */ = {isa = PBXBuildFile; fileRef = 5576DA772BED514D00B39413 /* libcurl.tbd */; };
		557F7BB92D2C6C3A00A3B9CB /* serverplugin.cpp in Sources */ = {isa = PBXBuildFile; fileRef = 557F7BB72D2C6C3A00A3B9CB /* serverplugin.cpp */; };
		557F7BBA2D2C6C3A00A3B9CB /* serverplugin.cpp in Sources */ = {isa = PBXBuildFile; fileRef = 557F7BB72D2C6C3A00A3B9CB /* serverplugin.cpp */; };
		557F7BBB2D2C6C3A00A3B9CB /* serverplugin.h in Headers */ = {isa = PBXBuildFile; fileRef = 557F7BB82D2C6C3A00A3B9CB /* serverplugin.h */; };
		557F7BBF2D2C7B5800A3B9CB /* plugin_gameserver.hpp in Headers */ = {isa = PBXBuildFile; fileRef = 557F7BBD2D2C7B5800A3B9CB /* plugin_gameserver.hpp */; };
		557F7BC02D2C7B5800A3B9CB /* plugin_gameserver.cpp in Sources */ = {isa = PBXBuildFile; fileRef = 557F7BBE2D2C7B5800A3B9CB /* plugin_gameserver.cpp */; };
		557F7BC12D2C7B5800A3B9CB /* plugin_gameserver.cpp in Sources */ = {isa = PBXBuildFile; fileRef = 557F7BBE2D2C7B5800A3B9CB /* plugin_gameserver.cpp */; };
		557F7BC52D2C825400A3B9CB /* room.cpp in Sources */ = {isa = PBXBuildFile; fileRef = 557F7BC22D2C825400A3B9CB /* room.cpp */; };
		557F7BC62D2C825400A3B9CB /* room.cpp in Sources */ = {isa = PBXBuildFile; fileRef = 557F7BC22D2C825400A3B9CB /* room.cpp */; };
		557F7BC72D2C825400A3B9CB /* roomserver.cpp in Sources */ = {isa = PBXBuildFile; fileRef = 557F7BC32D2C825400A3B9CB /* roomserver.cpp */; };
		557F7BC82D2C825400A3B9CB /* roomserver.cpp in Sources */ = {isa = PBXBuildFile; fileRef = 557F7BC32D2C825400A3B9CB /* roomserver.cpp */; };
		557F7BC92D2C825400A3B9CB /* qnetworkserver.cpp in Sources */ = {isa = PBXBuildFile; fileRef = 557F7BC42D2C825400A3B9CB /* qnetworkserver.cpp */; };
		557F7BCA2D2C825400A3B9CB /* qnetworkserver.cpp in Sources */ = {isa = PBXBuildFile; fileRef = 557F7BC42D2C825400A3B9CB /* qnetworkserver.cpp */; };
		5593E1CF2B337E2B00D8E98B /* qh3router.cpp in Sources */ = {isa = PBXBuildFile; fileRef = 5593E1CD2B337E2B00D8E98B /* qh3router.cpp */; };
		5594E2232B3A309700E47984 /* http3_command_server.cpp in Sources */ = {isa = PBXBuildFile; fileRef = 5594E2212B3A309700E47984 /* http3_command_server.cpp */; };
		5594E2312B3FC9EB00E47984 /* qh3client.cpp in Sources */ = {isa = PBXBuildFile; fileRef = 5594E22E2B3FC9EB00E47984 /* qh3client.cpp */; };
		5594E2322B3FC9EB00E47984 /* qh3client_helper.cpp in Sources */ = {isa = PBXBuildFile; fileRef = 5594E22F2B3FC9EB00E47984 /* qh3client_helper.cpp */; };
		5594E2372B3FCD4200E47984 /* qh3router_structs.cpp in Sources */ = {isa = PBXBuildFile; fileRef = 5594E2362B3FCD4200E47984 /* qh3router_structs.cpp */; };
		5594E26E2B489B9E00E47984 /* libzookeeper_mt.a in Frameworks */ = {isa = PBXBuildFile; fileRef = 5594E26D2B489B9E00E47984 /* libzookeeper_mt.a */; };
		5594E2702B489BEF00E47984 /* qzookeeper.cpp in Sources */ = {isa = PBXBuildFile; fileRef = 5594E26F2B489BEF00E47984 /* qzookeeper.cpp */; };
		55A4ADBE2AEF836400BC4CED /* libcommon.a in Frameworks */ = {isa = PBXBuildFile; fileRef = 55A4ADBD2AEF836400BC4CED /* libcommon.a */; };
		55A4ADC02AEF836900BC4CED /* libnetworkcommon.a in Frameworks */ = {isa = PBXBuildFile; fileRef = 55A4ADBF2AEF836900BC4CED /* libnetworkcommon.a */; };
		55A4ADC22AEF838F00BC4CED /* libev.a in Frameworks */ = {isa = PBXBuildFile; fileRef = 55A4ADC12AEF838200BC4CED /* libev.a */; };
		55A4ADC42AEF83A800BC4CED /* libquiche.a in Frameworks */ = {isa = PBXBuildFile; fileRef = 55A4ADC32AEF839B00BC4CED /* libquiche.a */; };
		55A4ADC62AEFA3F800BC4CED /* CoreFoundation.framework in Frameworks */ = {isa = PBXBuildFile; fileRef = 55A4ADC52AEFA3F800BC4CED /* CoreFoundation.framework */; };
		55A4ADC82AEFA40F00BC4CED /* Security.framework in Frameworks */ = {isa = PBXBuildFile; fileRef = 55A4ADC72AEFA40F00BC4CED /* Security.framework */; };
		55A4ADDA2AEFBD2600BC4CED /* main.cpp in Sources */ = {isa = PBXBuildFile; fileRef = 55A4ADD92AEFBD2600BC4CED /* main.cpp */; };
		55AE97032D1DD8E20019FB9D /* qh3server_structs.h in Headers */ = {isa = PBXBuildFile; fileRef = 55AE97022D1DD8E20019FB9D /* qh3server_structs.h */; };
		55C604F02BC9CDDD00B1B77A /* libdpp.dylib in Frameworks */ = {isa = PBXBuildFile; fileRef = 55C604EF2BC9CDDD00B1B77A /* libdpp.dylib */; };
		55CB6FF92C7678B900E05D37 /* libuv.1.dylib in Frameworks */ = {isa = PBXBuildFile; fileRef = 55CB6FF82C7678B900E05D37 /* libuv.1.dylib */; };
		55CB6FFA2C7678B900E05D37 /* libuv.1.dylib in Embed Libraries */ = {isa = PBXBuildFile; fileRef = 55CB6FF82C7678B900E05D37 /* libuv.1.dylib */; settings = {ATTRIBUTES = (CodeSignOnCopy, ); }; };
		55CB6FFC2C76793000E05D37 /* libzookeeper_mt.2.dylib in Frameworks */ = {isa = PBXBuildFile; fileRef = 55CB6FFB2C76793000E05D37 /* libzookeeper_mt.2.dylib */; };
		55CB6FFD2C76793000E05D37 /* libzookeeper_mt.2.dylib in Embed Libraries */ = {isa = PBXBuildFile; fileRef = 55CB6FFB2C76793000E05D37 /* libzookeeper_mt.2.dylib */; settings = {ATTRIBUTES = (CodeSignOnCopy, ); }; };
		55CB6FFF2C76798B00E05D37 /* libquiche.dylib in Frameworks */ = {isa = PBXBuildFile; fileRef = 55CB6FFE2C76798B00E05D37 /* libquiche.dylib */; };
		55CB70002C76798B00E05D37 /* libquiche.dylib in Embed Libraries */ = {isa = PBXBuildFile; fileRef = 55CB6FFE2C76798B00E05D37 /* libquiche.dylib */; settings = {ATTRIBUTES = (CodeSignOnCopy, ); }; };
		55CB70072C767AF500E05D37 /* libev.4.dylib in Frameworks */ = {isa = PBXBuildFile; fileRef = 55CB70062C767AF500E05D37 /* libev.4.dylib */; };
		55CB70082C767AF500E05D37 /* libev.4.dylib in Embed Libraries */ = {isa = PBXBuildFile; fileRef = 55CB70062C767AF500E05D37 /* libev.4.dylib */; settings = {ATTRIBUTES = (CodeSignOnCopy, ); }; };
/* End PBXBuildFile section */

/* Begin PBXCopyFilesBuildPhase section */
		555BA6F32C3AEDA600E23A51 /* Embed Libraries */ = {
			isa = PBXCopyFilesBuildPhase;
			buildActionMask = 2147483647;
			dstPath = "";
			dstSubfolderSpec = 10;
			files = (
				55CB6FFD2C76793000E05D37 /* libzookeeper_mt.2.dylib in Embed Libraries */,
				55CB6FFA2C7678B900E05D37 /* libuv.1.dylib in Embed Libraries */,
				55CB70002C76798B00E05D37 /* libquiche.dylib in Embed Libraries */,
				55CB70082C767AF500E05D37 /* libev.4.dylib in Embed Libraries */,
			);
			name = "Embed Libraries";
			runOnlyForDeploymentPostprocessing = 0;
		};
		55A4AD9D2AEF825800BC4CED /* CopyFiles */ = {
			isa = PBXCopyFilesBuildPhase;
			buildActionMask = 12;
			dstPath = "";
			dstSubfolderSpec = 16;
			files = (
			);
			runOnlyForDeploymentPostprocessing = 0;
		};
/* End PBXCopyFilesBuildPhase section */

/* Begin PBXFileReference section */
		1763DC0B2BC8175300F71F07 /* libdpp.dylib */ = {isa = PBXFileReference; lastKnownFileType = "compiled.mach-o.dylib"; name = libdpp.dylib; path = ../servercommon/libs/macos/libdpp.dylib; sourceTree = "<group>"; };
		55384BAA2B97ADB800BE7723 /* libqutils.a */ = {isa = PBXFileReference; explicitFileType = archive.ar; path = libqutils.a; sourceTree = BUILT_PRODUCTS_DIR; };
		555BA6F02C3AEDA600E23A51 /* libev.4.dylib */ = {isa = PBXFileReference; lastKnownFileType = "compiled.mach-o.dylib"; name = libev.4.dylib; path = ../networkcommon/libs/macos/libev.4.dylib; sourceTree = "<group>"; };
		555EB08E2C2B0B5A001F1B21 /* qh3router_extended.cpp */ = {isa = PBXFileReference; lastKnownFileType = sourcecode.cpp.cpp; path = qh3router_extended.cpp; sourceTree = "<group>"; };
		555EB0E62C2F0D0D001F1B21 /* libqh3server-st.a */ = {isa = PBXFileReference; explicitFileType = archive.ar; includeInIndex = 0; path = "libqh3server-st.a"; sourceTree = BUILT_PRODUCTS_DIR; };
		556AB5C82AF01D0500D688DB /* cert.key */ = {isa = PBXFileReference; lastKnownFileType = text; path = cert.key; sourceTree = "<group>"; };
		556AB5C92AF01D0500D688DB /* cert.crt */ = {isa = PBXFileReference; lastKnownFileType = text; path = cert.crt; sourceTree = "<group>"; };
		556AB5CC2AF0308800D688DB /* http3_sample_server.cpp */ = {isa = PBXFileReference; lastKnownFileType = sourcecode.cpp.cpp; path = http3_sample_server.cpp; sourceTree = "<group>"; };
		556AB5CD2AF0308800D688DB /* http3_sample_server.hpp */ = {isa = PBXFileReference; lastKnownFileType = sourcecode.cpp.h; path = http3_sample_server.hpp; sourceTree = "<group>"; };
		556AB5EE2AF1B3C800D688DB /* libqhiredis.a */ = {isa = PBXFileReference; explicitFileType = archive.ar; path = libqhiredis.a; sourceTree = BUILT_PRODUCTS_DIR; };
		556AB5F02AF1B3E900D688DB /* libhiredis.a */ = {isa = PBXFileReference; lastKnownFileType = archive.ar; name = libhiredis.a; path = ../networkcommon/libs/macos/libhiredis.a; sourceTree = "<group>"; };
		556AB5F22AF25B3500D688DB /* libhiredis.a */ = {isa = PBXFileReference; lastKnownFileType = archive.ar; name = libhiredis.a; path = ../qhiredis/libs/macos/libhiredis.a; sourceTree = "<group>"; };
		556AB60D2AF50A7500D688DB /* libbson-static-1.0.a */ = {isa = PBXFileReference; lastKnownFileType = archive.ar; name = "libbson-static-1.0.a"; path = "../servercommon/libs/macos/libbson-static-1.0.a"; sourceTree = "<group>"; };
		556AB60F2AF50A8900D688DB /* libmongoc-static-1.0.a */ = {isa = PBXFileReference; lastKnownFileType = archive.ar; name = "libmongoc-static-1.0.a"; path = "../servercommon/libs/macos/libmongoc-static-1.0.a"; sourceTree = "<group>"; };
		556AB6BB2AF50E3B00D688DB /* libservercommon.a */ = {isa = PBXFileReference; explicitFileType = archive.ar; path = libservercommon.a; sourceTree = BUILT_PRODUCTS_DIR; };
		556AB6BD2AF514E900D688DB /* libsasl2.tbd */ = {isa = PBXFileReference; lastKnownFileType = "sourcecode.text-based-dylib-definition"; name = libsasl2.tbd; path = usr/lib/libsasl2.tbd; sourceTree = SDKROOT; };
		556AB6FC2AF5742000D688DB /* libbson-static-1.0.a */ = {isa = PBXFileReference; lastKnownFileType = archive.ar; name = "libbson-static-1.0.a"; path = "../common/libs/macos/libbson-static-1.0.a"; sourceTree = "<group>"; };
		556ABABB2B0A318800D688DB /* libpq.a */ = {isa = PBXFileReference; lastKnownFileType = archive.ar; name = libpq.a; path = ../servercommon/libs/macos/libpq.a; sourceTree = "<group>"; };
		556ABAC12B0A784A00D688DB /* libpgcommon.a */ = {isa = PBXFileReference; lastKnownFileType = archive.ar; name = libpgcommon.a; path = ../servercommon/libs/macos/libpgcommon.a; sourceTree = "<group>"; };
		556ABAC32B0A78FA00D688DB /* libpgport.a */ = {isa = PBXFileReference; lastKnownFileType = archive.ar; name = libpgport.a; path = ../servercommon/libs/macos/libpgport.a; sourceTree = "<group>"; };
		5574F20E2B1F727B007C93AA /* debug_new.cpp */ = {isa = PBXFileReference; lastKnownFileType = sourcecode.cpp.cpp; name = debug_new.cpp; path = ../common/nvwa/debug_new.cpp; sourceTree = "<group>"; };
		557620532C7675E1002372E4 /* libuv.a */ = {isa = PBXFileReference; lastKnownFileType = archive.ar; name = libuv.a; path = ../networkcommon/libs/macos/libuv.a; sourceTree = "<group>"; };
		5576DA772BED514D00B39413 /* libcurl.tbd */ = {isa = PBXFileReference; lastKnownFileType = "sourcecode.text-based-dylib-definition"; name = libcurl.tbd; path = usr/lib/libcurl.tbd; sourceTree = SDKROOT; };
		557F7BB72D2C6C3A00A3B9CB /* serverplugin.cpp */ = {isa = PBXFileReference; fileEncoding = 4; lastKnownFileType = sourcecode.cpp.cpp; name = serverplugin.cpp; path = ../serverplugin/serverplugin.cpp; sourceTree = "<group>"; };
		557F7BB82D2C6C3A00A3B9CB /* serverplugin.h */ = {isa = PBXFileReference; fileEncoding = 4; lastKnownFileType = sourcecode.c.h; name = serverplugin.h; path = ../serverplugin/serverplugin.h; sourceTree = "<group>"; };
		557F7BBD2D2C7B5800A3B9CB /* plugin_gameserver.hpp */ = {isa = PBXFileReference; fileEncoding = 4; lastKnownFileType = sourcecode.cpp.h; name = plugin_gameserver.hpp; path = ../serverplugin/plugin_gameserver.hpp; sourceTree = "<group>"; };
		557F7BBE2D2C7B5800A3B9CB /* plugin_gameserver.cpp */ = {isa = PBXFileReference; fileEncoding = 4; lastKnownFileType = sourcecode.cpp.cpp; name = plugin_gameserver.cpp; path = ../serverplugin/plugin_gameserver.cpp; sourceTree = "<group>"; };
		557F7BC22D2C825400A3B9CB /* room.cpp */ = {isa = PBXFileReference; fileEncoding = 4; lastKnownFileType = sourcecode.cpp.cpp; name = room.cpp; path = ../qserver/source/room.cpp; sourceTree = "<group>"; };
		557F7BC32D2C825400A3B9CB /* roomserver.cpp */ = {isa = PBXFileReference; fileEncoding = 4; lastKnownFileType = sourcecode.cpp.cpp; name = roomserver.cpp; path = ../qserver/source/roomserver.cpp; sourceTree = "<group>"; };
		557F7BC42D2C825400A3B9CB /* qnetworkserver.cpp */ = {isa = PBXFileReference; fileEncoding = 4; lastKnownFileType = sourcecode.cpp.cpp; name = qnetworkserver.cpp; path = ../qserver/source/qnetworkserver.cpp; sourceTree = "<group>"; };
		5593E1CD2B337E2B00D8E98B /* qh3router.cpp */ = {isa = PBXFileReference; lastKnownFileType = sourcecode.cpp.cpp; path = qh3router.cpp; sourceTree = "<group>"; };
		5593E1CE2B337E2B00D8E98B /* qh3router.hpp */ = {isa = PBXFileReference; lastKnownFileType = sourcecode.cpp.h; path = qh3router.hpp; sourceTree = "<group>"; };
		5594E2212B3A309700E47984 /* http3_command_server.cpp */ = {isa = PBXFileReference; fileEncoding = 4; lastKnownFileType = sourcecode.cpp.cpp; path = http3_command_server.cpp; sourceTree = "<group>"; };
		5594E2222B3A309700E47984 /* http3_command_server.hpp */ = {isa = PBXFileReference; fileEncoding = 4; lastKnownFileType = sourcecode.cpp.h; path = http3_command_server.hpp; sourceTree = "<group>"; };
		5594E22E2B3FC9EB00E47984 /* qh3client.cpp */ = {isa = PBXFileReference; lastKnownFileType = sourcecode.cpp.cpp; name = qh3client.cpp; path = ../qh3client/qh3client/qh3client.cpp; sourceTree = "<group>"; };
		5594E22F2B3FC9EB00E47984 /* qh3client_helper.cpp */ = {isa = PBXFileReference; lastKnownFileType = sourcecode.cpp.cpp; name = qh3client_helper.cpp; path = ../qh3client/qh3client/qh3client_helper.cpp; sourceTree = "<group>"; };
		5594E2352B3FCCC200E47984 /* qh3router_structs.h */ = {isa = PBXFileReference; lastKnownFileType = sourcecode.c.h; path = qh3router_structs.h; sourceTree = "<group>"; };
		5594E2362B3FCD4200E47984 /* qh3router_structs.cpp */ = {isa = PBXFileReference; fileEncoding = 4; lastKnownFileType = sourcecode.cpp.cpp; path = qh3router_structs.cpp; sourceTree = "<group>"; };
		5594E26D2B489B9E00E47984 /* libzookeeper_mt.a */ = {isa = PBXFileReference; lastKnownFileType = archive.ar; name = libzookeeper_mt.a; path = ../qzookeeper/libs/macos/libzookeeper_mt.a; sourceTree = "<group>"; };
		5594E26F2B489BEF00E47984 /* qzookeeper.cpp */ = {isa = PBXFileReference; fileEncoding = 4; lastKnownFileType = sourcecode.cpp.cpp; name = qzookeeper.cpp; path = ../qzookeeper/source/qzookeeper.cpp; sourceTree = "<group>"; };
		5594E2712B494ADC00E47984 /* libzookeeper_mt.2.dylib */ = {isa = PBXFileReference; lastKnownFileType = "compiled.mach-o.dylib"; name = libzookeeper_mt.2.dylib; path = ../qzookeeper/libs/macos/libzookeeper_mt.2.dylib; sourceTree = "<group>"; };
		5594E2792B584E2800E47984 /* qh3server.entitlements */ = {isa = PBXFileReference; lastKnownFileType = text.plist.entitlements; path = qh3server.entitlements; sourceTree = "<group>"; };
		55A4AD9F2AEF825800BC4CED /* qh3server */ = {isa = PBXFileReference; explicitFileType = "compiled.mach-o.executable"; includeInIndex = 0; path = qh3server; sourceTree = BUILT_PRODUCTS_DIR; };
		55A4ADBD2AEF836400BC4CED /* libcommon.a */ = {isa = PBXFileReference; explicitFileType = archive.ar; path = libcommon.a; sourceTree = BUILT_PRODUCTS_DIR; };
		55A4ADBF2AEF836900BC4CED /* libnetworkcommon.a */ = {isa = PBXFileReference; explicitFileType = archive.ar; path = libnetworkcommon.a; sourceTree = BUILT_PRODUCTS_DIR; };
		55A4ADC12AEF838200BC4CED /* libev.a */ = {isa = PBXFileReference; lastKnownFileType = archive.ar; name = libev.a; path = ../networkcommon/libs/macos/libev.a; sourceTree = "<group>"; };
		55A4ADC32AEF839B00BC4CED /* libquiche.a */ = {isa = PBXFileReference; lastKnownFileType = archive.ar; name = libquiche.a; path = ../networkcommon/libs/macos/libquiche.a; sourceTree = "<group>"; };
		55A4ADC52AEFA3F800BC4CED /* CoreFoundation.framework */ = {isa = PBXFileReference; lastKnownFileType = wrapper.framework; name = CoreFoundation.framework; path = System/Library/Frameworks/CoreFoundation.framework; sourceTree = SDKROOT; };
		55A4ADC72AEFA40F00BC4CED /* Security.framework */ = {isa = PBXFileReference; lastKnownFileType = wrapper.framework; name = Security.framework; path = System/Library/Frameworks/Security.framework; sourceTree = SDKROOT; };
		55A4ADD62AEFBA6300BC4CED /* qh3server.cpp */ = {isa = PBXFileReference; lastKnownFileType = sourcecode.cpp.cpp; path = qh3server.cpp; sourceTree = "<group>"; };
		55A4ADD72AEFBA6300BC4CED /* qh3server.hpp */ = {isa = PBXFileReference; lastKnownFileType = sourcecode.cpp.h; path = qh3server.hpp; sourceTree = "<group>"; };
		55A4ADD92AEFBD2600BC4CED /* main.cpp */ = {isa = PBXFileReference; lastKnownFileType = sourcecode.cpp.cpp; path = main.cpp; sourceTree = "<group>"; };
		55A72F632B7F227F00064250 /* libdpp.10.0.30.dylib */ = {isa = PBXFileReference; lastKnownFileType = "compiled.mach-o.dylib"; name = libdpp.10.0.30.dylib; path = ../servercommon/libs/macos/libdpp.10.0.30.dylib; sourceTree = "<group>"; };
		55AE97022D1DD8E20019FB9D /* qh3server_structs.h */ = {isa = PBXFileReference; lastKnownFileType = sourcecode.c.h; path = qh3server_structs.h; sourceTree = "<group>"; };
		55C604EF2BC9CDDD00B1B77A /* libdpp.dylib */ = {isa = PBXFileReference; lastKnownFileType = "compiled.mach-o.dylib"; name = libdpp.dylib; path = ../servercommon/libs/macos/libdpp.dylib; sourceTree = "<group>"; };
		55CB6FF82C7678B900E05D37 /* libuv.1.dylib */ = {isa = PBXFileReference; lastKnownFileType = "compiled.mach-o.dylib"; name = libuv.1.dylib; path = ../networkcommon/libs/macos/libuv.1.dylib; sourceTree = "<group>"; };
		55CB6FFB2C76793000E05D37 /* libzookeeper_mt.2.dylib */ = {isa = PBXFileReference; lastKnownFileType = "compiled.mach-o.dylib"; name = libzookeeper_mt.2.dylib; path = ../qzookeeper/libs/macos/libzookeeper_mt.2.dylib; sourceTree = "<group>"; };
		55CB6FFE2C76798B00E05D37 /* libquiche.dylib */ = {isa = PBXFileReference; lastKnownFileType = "compiled.mach-o.dylib"; name = libquiche.dylib; path = ../networkcommon/libs/macos/libquiche.dylib; sourceTree = "<group>"; };
		55CB70012C7679F800E05D37 /* libev.dylib */ = {isa = PBXFileReference; lastKnownFileType = "compiled.mach-o.dylib"; name = libev.dylib; path = ../networkcommon/libs/macos/libev.dylib; sourceTree = "<group>"; };
		55CB70062C767AF500E05D37 /* libev.4.dylib */ = {isa = PBXFileReference; lastKnownFileType = "compiled.mach-o.dylib"; name = libev.4.dylib; path = ../networkcommon/libs/macos/libev.4.dylib; sourceTree = "<group>"; };
		55CE94EB2B9F0263002C0278 /* configs */ = {isa = PBXFileReference; lastKnownFileType = folder; name = configs; path = ../configs; sourceTree = "<group>"; };
/* End PBXFileReference section */

/* Begin PBXFrameworksBuildPhase section */
		555EB0E42C2F0D0D001F1B21 /* Frameworks */ = {
			isa = PBXFrameworksBuildPhase;
			buildActionMask = 2147483647;
			files = (
			);
			runOnlyForDeploymentPostprocessing = 0;
		};
		55A4AD9C2AEF825800BC4CED /* Frameworks */ = {
			isa = PBXFrameworksBuildPhase;
			buildActionMask = 2147483647;
			files = (
				557620542C7675F1002372E4 /* libuv.a in Frameworks */,
				5576DA782BED515E00B39413 /* libcurl.tbd in Frameworks */,
				55C604F02BC9CDDD00B1B77A /* libdpp.dylib in Frameworks */,
				5594E26E2B489B9E00E47984 /* libzookeeper_mt.a in Frameworks */,
				556AB6FE2AF5745300D688DB /* libbson-static-1.0.a in Frameworks */,
				55384BAB2B97ADB800BE7723 /* libqutils.a in Frameworks */,
				556AB6BE2AF514E900D688DB /* libsasl2.tbd in Frameworks */,
				55CB6FFC2C76793000E05D37 /* libzookeeper_mt.2.dylib in Frameworks */,
				55CB6FF92C7678B900E05D37 /* libuv.1.dylib in Frameworks */,
				556AB6BC2AF50E3B00D688DB /* libservercommon.a in Frameworks */,
				556AB6102AF50A8900D688DB /* libmongoc-static-1.0.a in Frameworks */,
				556AB5F32AF25B3500D688DB /* libhiredis.a in Frameworks */,
				556AB5EF2AF1B3C800D688DB /* libqhiredis.a in Frameworks */,
				55A4ADC62AEFA3F800BC4CED /* CoreFoundation.framework in Frameworks */,
				55A4ADC42AEF83A800BC4CED /* libquiche.a in Frameworks */,
				55CB70072C767AF500E05D37 /* libev.4.dylib in Frameworks */,
				55A4ADC22AEF838F00BC4CED /* libev.a in Frameworks */,
				55A4ADBE2AEF836400BC4CED /* libcommon.a in Frameworks */,
				55A4ADC82AEFA40F00BC4CED /* Security.framework in Frameworks */,
				55A4ADC02AEF836900BC4CED /* libnetworkcommon.a in Frameworks */,
				55CB6FFF2C76798B00E05D37 /* libquiche.dylib in Frameworks */,
			);
			runOnlyForDeploymentPostprocessing = 0;
		};
/* End PBXFrameworksBuildPhase section */

/* Begin PBXGroup section */
		556AB5C72AF01D0500D688DB /* certs */ = {
			isa = PBXGroup;
			children = (
				556AB5C82AF01D0500D688DB /* cert.key */,
				556AB5C92AF01D0500D688DB /* cert.crt */,
			);
			path = certs;
			sourceTree = "<group>";
		};
		557F7BBC2D2C6C4C00A3B9CB /* sserverplugin */ = {
			isa = PBXGroup;
			children = (
				557F7BB72D2C6C3A00A3B9CB /* serverplugin.cpp */,
				557F7BB82D2C6C3A00A3B9CB /* serverplugin.h */,
				557F7BC42D2C825400A3B9CB /* qnetworkserver.cpp */,
				557F7BC22D2C825400A3B9CB /* room.cpp */,
				557F7BC32D2C825400A3B9CB /* roomserver.cpp */,
				557F7BBE2D2C7B5800A3B9CB /* plugin_gameserver.cpp */,
				557F7BBD2D2C7B5800A3B9CB /* plugin_gameserver.hpp */,
			);
			name = sserverplugin;
			sourceTree = "<group>";
		};
		5594E2342B3FCA0100E47984 /* shared_client_files */ = {
			isa = PBXGroup;
			children = (
				5594E22F2B3FC9EB00E47984 /* qh3client_helper.cpp */,
				5594E22E2B3FC9EB00E47984 /* qh3client.cpp */,
			);
			name = shared_client_files;
			sourceTree = "<group>";
		};
		55A4AD962AEF825700BC4CED = {
			isa = PBXGroup;
			children = (
				557F7BBC2D2C6C4C00A3B9CB /* sserverplugin */,
				55CE94EB2B9F0263002C0278 /* configs */,
				5594E26F2B489BEF00E47984 /* qzookeeper.cpp */,
				5594E2342B3FCA0100E47984 /* shared_client_files */,
				5574F20E2B1F727B007C93AA /* debug_new.cpp */,
				556AB5C72AF01D0500D688DB /* certs */,
				55A4ADA12AEF825800BC4CED /* qh3server */,
				55A4ADA02AEF825800BC4CED /* Products */,
				55A4ADBC2AEF836400BC4CED /* Frameworks */,
			);
			sourceTree = "<group>";
		};
		55A4ADA02AEF825800BC4CED /* Products */ = {
			isa = PBXGroup;
			children = (
				55A4AD9F2AEF825800BC4CED /* qh3server */,
				555EB0E62C2F0D0D001F1B21 /* libqh3server-st.a */,
			);
			name = Products;
			sourceTree = "<group>";
		};
		55A4ADA12AEF825800BC4CED /* qh3server */ = {
			isa = PBXGroup;
			children = (
				5594E2792B584E2800E47984 /* qh3server.entitlements */,
				55A4ADD62AEFBA6300BC4CED /* qh3server.cpp */,
				55A4ADD72AEFBA6300BC4CED /* qh3server.hpp */,
				55AE97022D1DD8E20019FB9D /* qh3server_structs.h */,
				55A4ADD92AEFBD2600BC4CED /* main.cpp */,
				5594E2212B3A309700E47984 /* http3_command_server.cpp */,
				5594E2222B3A309700E47984 /* http3_command_server.hpp */,
				556AB5CC2AF0308800D688DB /* http3_sample_server.cpp */,
				556AB5CD2AF0308800D688DB /* http3_sample_server.hpp */,
				5593E1CD2B337E2B00D8E98B /* qh3router.cpp */,
				555EB08E2C2B0B5A001F1B21 /* qh3router_extended.cpp */,
				5593E1CE2B337E2B00D8E98B /* qh3router.hpp */,
				5594E2352B3FCCC200E47984 /* qh3router_structs.h */,
				5594E2362B3FCD4200E47984 /* qh3router_structs.cpp */,
			);
			path = qh3server;
			sourceTree = "<group>";
		};
		55A4ADBC2AEF836400BC4CED /* Frameworks */ = {
			isa = PBXGroup;
			children = (
				55CB70062C767AF500E05D37 /* libev.4.dylib */,
				55CB70012C7679F800E05D37 /* libev.dylib */,
				55CB6FFE2C76798B00E05D37 /* libquiche.dylib */,
				55CB6FFB2C76793000E05D37 /* libzookeeper_mt.2.dylib */,
				55CB6FF82C7678B900E05D37 /* libuv.1.dylib */,
				557620532C7675E1002372E4 /* libuv.a */,
				555BA6F02C3AEDA600E23A51 /* libev.4.dylib */,
				5576DA772BED514D00B39413 /* libcurl.tbd */,
				1763DC0B2BC8175300F71F07 /* libdpp.dylib */,
				55C604EF2BC9CDDD00B1B77A /* libdpp.dylib */,
				55384BAA2B97ADB800BE7723 /* libqutils.a */,
				55A72F632B7F227F00064250 /* libdpp.10.0.30.dylib */,
				5594E2712B494ADC00E47984 /* libzookeeper_mt.2.dylib */,
				5594E26D2B489B9E00E47984 /* libzookeeper_mt.a */,
				556ABAC32B0A78FA00D688DB /* libpgport.a */,
				556ABAC12B0A784A00D688DB /* libpgcommon.a */,
				556ABABB2B0A318800D688DB /* libpq.a */,
				556AB6FC2AF5742000D688DB /* libbson-static-1.0.a */,
				556AB6BD2AF514E900D688DB /* libsasl2.tbd */,
				556AB6BB2AF50E3B00D688DB /* libservercommon.a */,
				556AB60F2AF50A8900D688DB /* libmongoc-static-1.0.a */,
				556AB60D2AF50A7500D688DB /* libbson-static-1.0.a */,
				556AB5F02AF1B3E900D688DB /* libhiredis.a */,
				556AB5F22AF25B3500D688DB /* libhiredis.a */,
				556AB5EE2AF1B3C800D688DB /* libqhiredis.a */,
				55A4ADC72AEFA40F00BC4CED /* Security.framework */,
				55A4ADC52AEFA3F800BC4CED /* CoreFoundation.framework */,
				55A4ADC32AEF839B00BC4CED /* libquiche.a */,
				55A4ADC12AEF838200BC4CED /* libev.a */,
				55A4ADBF2AEF836900BC4CED /* libnetworkcommon.a */,
				55A4ADBD2AEF836400BC4CED /* libcommon.a */,
			);
			name = Frameworks;
			sourceTree = "<group>";
		};
/* End PBXGroup section */

/* Begin PBXHeadersBuildPhase section */
		555EB0E22C2F0D0D001F1B21 /* Headers */ = {
			isa = PBXHeadersBuildPhase;
			buildActionMask = 2147483647;
			files = (
				557F7BBB2D2C6C3A00A3B9CB /* serverplugin.h in Headers */,
				55AE97032D1DD8E20019FB9D /* qh3server_structs.h in Headers */,
				557F7BBF2D2C7B5800A3B9CB /* plugin_gameserver.hpp in Headers */,
			);
			runOnlyForDeploymentPostprocessing = 0;
		};
/* End PBXHeadersBuildPhase section */

/* Begin PBXNativeTarget section */
		555EB0E52C2F0D0D001F1B21 /* qh3server-st */ = {
			isa = PBXNativeTarget;
			buildConfigurationList = 555EB0E92C2F0D0E001F1B21 /* Build configuration list for PBXNativeTarget "qh3server-st" */;
			buildPhases = (
				555EB0E22C2F0D0D001F1B21 /* Headers */,
				555EB0E32C2F0D0D001F1B21 /* Sources */,
				555EB0E42C2F0D0D001F1B21 /* Frameworks */,
			);
			buildRules = (
			);
			dependencies = (
			);
			name = "qh3server-st";
			productName = "qh3server-st";
			productReference = 555EB0E62C2F0D0D001F1B21 /* libqh3server-st.a */;
			productType = "com.apple.product-type.library.static";
		};
		55A4AD9E2AEF825800BC4CED /* qh3server */ = {
			isa = PBXNativeTarget;
			buildConfigurationList = 55A4ADA62AEF825800BC4CED /* Build configuration list for PBXNativeTarget "qh3server" */;
			buildPhases = (
				55A4AD9B2AEF825800BC4CED /* Sources */,
				55A4AD9C2AEF825800BC4CED /* Frameworks */,
				55A4AD9D2AEF825800BC4CED /* CopyFiles */,
				555F45BD2BA627F00077ADEE /* ShellScript */,
				5595E1222BB08AA900FA2618 /* ShellScript */,
				551CDD322C8653FD00ED9D65 /* ShellScript */,
				555BA6F32C3AEDA600E23A51 /* Embed Libraries */,
			);
			buildRules = (
			);
			dependencies = (
			);
			name = qh3server;
			productName = qh3server;
			productReference = 55A4AD9F2AEF825800BC4CED /* qh3server */;
			productType = "com.apple.product-type.tool";
		};
/* End PBXNativeTarget section */

/* Begin PBXProject section */
		55A4AD972AEF825700BC4CED /* Project object */ = {
			isa = PBXProject;
			attributes = {
				BuildIndependentTargetsInParallel = 1;
				LastUpgradeCheck = 1420;
				TargetAttributes = {
					555EB0E52C2F0D0D001F1B21 = {
						CreatedOnToolsVersion = 13.4;
					};
					55A4AD9E2AEF825800BC4CED = {
						CreatedOnToolsVersion = 13.4;
					};
				};
			};
			buildConfigurationList = 55A4AD9A2AEF825700BC4CED /* Build configuration list for PBXProject "qh3server" */;
			compatibilityVersion = "Xcode 13.0";
			developmentRegion = en;
			hasScannedForEncodings = 0;
			knownRegions = (
				en,
				Base,
			);
			mainGroup = 55A4AD962AEF825700BC4CED;
			productRefGroup = 55A4ADA02AEF825800BC4CED /* Products */;
			projectDirPath = "";
			projectRoot = "";
			targets = (
				55A4AD9E2AEF825800BC4CED /* qh3server */,
				555EB0E52C2F0D0D001F1B21 /* qh3server-st */,
			);
		};
/* End PBXProject section */

/* Begin PBXShellScriptBuildPhase section */
		551CDD322C8653FD00ED9D65 /* ShellScript */ = {
			isa = PBXShellScriptBuildPhase;
			buildActionMask = 2147483647;
			files = (
			);
			inputFileListPaths = (
			);
			inputPaths = (
			);
			outputFileListPaths = (
			);
			outputPaths = (
			);
			runOnlyForDeploymentPostprocessing = 0;
			shellPath = /bin/sh;
			shellScript = "#!/bin/bash\nif [ \"${RUN_CLANG_TIDY}\" = \"0\" ] || [ -z \"${RUN_CLANG_TIDY}\" ]; then\n    echo \"Disabled clang-tidy on project.\"\n    exit 0\nfi\nexport PATH=\"/usr/local/opt/llvm/bin:$PATH\"\n\n# Define directories to exclude\nEXCLUDED_DIRS=()\n\n# Base find command\nFIND_CMD=\"find \\\"${SRCROOT}\\\" -type f \\( -name \\\"*.cpp\\\" -o -name \\\"*.c\\\" -o -name \\\"*.h\\\" -o -name \\\"*.hpp\\\" \\)\"\n\n# Exclude directories\nfor dir in \"${EXCLUDED_DIRS[@]}\"; do\n    FIND_CMD+=\" ! -path \\\"${SRCROOT}/${dir}/*\\\"\"\ndone\n\n# Complete the find command\nFIND_CMD+=\" -print\"\n\n# Execute the find command\neval \"$FIND_CMD\" | while read -r FILE; do\n    echo \"Running clang-tidy on $FILE\"\n    clang-tidy \"$FILE\" --checks='readability-identifier-naming' --fix --config-file=\"${SRCROOT}/../.clang-tidy\" -warnings-as-errors=* -- -I\"${SRCROOT}/qh3server\" -I\"${SRCROOT}/../common\" -I\"${SRCROOT}/../common/libbson-1.0\" -I\"${SRCROOT}/../common/uthash\" -I\"${SRCROOT}/../common/rapidjson\" -I\"${SRCROOT}/../common/nvwa\" -I\"${SRCROOT}/../common/zlib\" -I\"${SRCROOT}/../networkcommon/source/ev\" -I\"${SRCROOT}/../networkcommon/source/uv\" -I\"${SRCROOT}/../networkcommon/source/quiche\" -I\"${SRCROOT}/../qzookeeper/zookeeper\" -I\"${SRCROOT}/../qh3client/qh3client\" -I\"${SRCROOT}/../servercommon/source/libmongoc-1.0\" -I\"${SRCROOT}/../qhiredis/hiredis\"\ndone\n";
		};
		555F45BD2BA627F00077ADEE /* ShellScript */ = {
			isa = PBXShellScriptBuildPhase;
			buildActionMask = 2147483647;
			files = (
			);
			inputFileListPaths = (
			);
			inputPaths = (
			);
			outputFileListPaths = (
			);
			outputPaths = (
			);
			runOnlyForDeploymentPostprocessing = 0;
			shellPath = /bin/sh;
			shellScript = "# Copy the configs directory\ncp -R \"${PROJECT_DIR}/../configs\" \"${BUILT_PRODUCTS_DIR}\"\n\n# Create the destination directory if it does not exist\n# if [ ! -d \"$DST_DIR\" ]; then\n#   mkdir -p \"$DST_DIR\"\n# fi\n\n# certs\ncp -R \"${PROJECT_DIR}/certs/cert.crt\" \"${BUILT_PRODUCTS_DIR}/cert.crt\"\ncp -R \"${PROJECT_DIR}/certs/cert.key\" \"${BUILT_PRODUCTS_DIR}/cert.key\"\n\n# libs\ndpplib=$(readlink \"${PROJECT_DIR}/../servercommon/libs/macos/libdpp.dylib\")\necho \"original dpp file name: $dpplib\" \ncp -R \"${PROJECT_DIR}/../servercommon/libs/macos/$dpplib\" \"${BUILT_PRODUCTS_DIR}/$dpplib\"\n";
			showEnvVarsInLog = 0;
		};
		5595E1222BB08AA900FA2618 /* ShellScript */ = {
			isa = PBXShellScriptBuildPhase;
			buildActionMask = 12;
			files = (
			);
			inputFileListPaths = (
			);
			inputPaths = (
			);
			outputFileListPaths = (
			);
			outputPaths = (
			);
			runOnlyForDeploymentPostprocessing = 0;
			shellPath = /bin/sh;
			shellScript = "export PATH=\"/opt/homebrew/bin:$PATH\"\n# clang-format\n# brew install clang-format # (If clang-format is not installed)\nfind ${SRCROOT} \\( -iname \"*.h\" -o -iname \"*.hpp\" -o -iname \"*.m\" -o -iname \"*.mm\" -o -iname \"*.c\" -o -iname \"*.cpp\" \\) -exec clang-format -i {} +\n";
		};
/* End PBXShellScriptBuildPhase section */

/* Begin PBXSourcesBuildPhase section */
		555EB0E32C2F0D0D001F1B21 /* Sources */ = {
			isa = PBXSourcesBuildPhase;
			buildActionMask = 2147483647;
			files = (
				557F7BC62D2C825400A3B9CB /* room.cpp in Sources */,
				557F7BCA2D2C825400A3B9CB /* qnetworkserver.cpp in Sources */,
				557F7BC82D2C825400A3B9CB /* roomserver.cpp in Sources */,
				555EB0EB2C2F0D34001F1B21 /* qh3client_helper.cpp in Sources */,
				555EB0EA2C2F0D31001F1B21 /* qh3client.cpp in Sources */,
				557F7BBA2D2C6C3A00A3B9CB /* serverplugin.cpp in Sources */,
				555EB0EC2C2F0D37001F1B21 /* qzookeeper.cpp in Sources */,
				555EB0ED2C2F0D3B001F1B21 /* debug_new.cpp in Sources */,
				557F7BC12D2C7B5800A3B9CB /* plugin_gameserver.cpp in Sources */,
				555EB0EE2C2F0D40001F1B21 /* qh3server.cpp in Sources */,
				555EB0EF2C2F0D46001F1B21 /* http3_command_server.cpp in Sources */,
				555EB0F02C2F0D4D001F1B21 /* http3_sample_server.cpp in Sources */,
				555EB0F12C2F0D52001F1B21 /* qh3router.cpp in Sources */,
				555EB0F22C2F0D55001F1B21 /* qh3router_extended.cpp in Sources */,
				555EB0F32C2F0D59001F1B21 /* qh3router_structs.cpp in Sources */,
			);
			runOnlyForDeploymentPostprocessing = 0;
		};
		55A4AD9B2AEF825800BC4CED /* Sources */ = {
			isa = PBXSourcesBuildPhase;
			buildActionMask = 2147483647;
			files = (
				5594E2312B3FC9EB00E47984 /* qh3client.cpp in Sources */,
				557F7BC72D2C825400A3B9CB /* roomserver.cpp in Sources */,
				5594E2322B3FC9EB00E47984 /* qh3client_helper.cpp in Sources */,
				557F7BC52D2C825400A3B9CB /* room.cpp in Sources */,
				5594E2232B3A309700E47984 /* http3_command_server.cpp in Sources */,
				557F7BC92D2C825400A3B9CB /* qnetworkserver.cpp in Sources */,
				5594E2372B3FCD4200E47984 /* qh3router_structs.cpp in Sources */,
				5574F2112B1FA779007C93AA /* qh3server.cpp in Sources */,
				5574F2122B1FA779007C93AA /* http3_sample_server.cpp in Sources */,
				5594E2702B489BEF00E47984 /* qzookeeper.cpp in Sources */,
				557F7BB92D2C6C3A00A3B9CB /* serverplugin.cpp in Sources */,
				55A4ADDA2AEFBD2600BC4CED /* main.cpp in Sources */,
				555EB08F2C2B0B5A001F1B21 /* qh3router_extended.cpp in Sources */,
				5574F20F2B1F727C007C93AA /* debug_new.cpp in Sources */,
				557F7BC02D2C7B5800A3B9CB /* plugin_gameserver.cpp in Sources */,
				5593E1CF2B337E2B00D8E98B /* qh3router.cpp in Sources */,
			);
			runOnlyForDeploymentPostprocessing = 0;
		};
/* End PBXSourcesBuildPhase section */

/* Begin XCBuildConfiguration section */
		555EB0E72C2F0D0E001F1B21 /* Debug */ = {
			isa = XCBuildConfiguration;
			buildSettings = {
				CODE_SIGN_STYLE = Automatic;
				DEAD_CODE_STRIPPING = YES;
				DEVELOPMENT_TEAM = 5ZJZVQUB7D;
				EXECUTABLE_PREFIX = lib;
				GCC_PREPROCESSOR_DEFINITIONS = (
					"$(inherited)",
					"DEBUG=1",
					"LOG_LEVEL=3",
					"FORK_QH3_SERVER=0",
					THREADED,
					"ENABLE_ZK=1",
					"DEV_BUILD=1",
				);
				HEADER_SEARCH_PATHS = (
					"\"$(SRCROOT)/../networkcommon/source/ev\"",
					"\"$(SRCROOT)/../networkcommon/source/uv\"",
					"\"$(SRCROOT)/../networkcommon/source/quiche\"",
					"\"$(SRCROOT)/../qhiredis/hiredis\"",
					"\"$(SRCROOT)/../servercommon/source/libmongoc-1.0\"",
					"\"$(SRCROOT)/../common/libbson-1.0\"",
					"\"$(SRCROOT)/../common/uthash\"",
					"\"$(SRCROOT)/../common/nvwa\"",
					"\"$(SRCROOT)/../qh3client/qh3client\"",
					"\"$(SRCROOT)/../qzookeeper/zookeeper\"",
					"\"$(SRCROOT)/../common\"",
					"\"$(SRCROOT)/../qutils\"",
				);
				LIBRARY_SEARCH_PATHS = (
					"\"$(SRCROOT)/../networkcommon/libs/macos\"",
					"\"$(SRCROOT)/../qhiredis/libs/macos\"",
					"\"$(SRCROOT)/../servercommon/libs/macos\"",
					"\"$(SRCROOT)/../common/libs/macos\"",
					"\"$(SRCROOT)/../qzookeeper/libs/macos\"",
				);
				MACOSX_DEPLOYMENT_TARGET = 12.2;
				PRODUCT_NAME = "$(TARGET_NAME)";
				RUN_CLANG_TIDY = 0;
				SKIP_INSTALL = YES;
			};
			name = Debug;
		};
		555EB0E82C2F0D0E001F1B21 /* Release */ = {
			isa = XCBuildConfiguration;
			buildSettings = {
				CODE_SIGN_STYLE = Automatic;
				DEAD_CODE_STRIPPING = YES;
				DEVELOPMENT_TEAM = 5ZJZVQUB7D;
				EXECUTABLE_PREFIX = lib;
				GCC_PREPROCESSOR_DEFINITIONS = (
					"LOG_LEVEL=3",
					"FORK_QH3_SERVER=1",
					THREADED,
					"ENABLE_ZK=1",
					"PROD_BUILD=1",
				);
				HEADER_SEARCH_PATHS = (
					"\"$(SRCROOT)/../networkcommon/source/ev\"",
					"\"$(SRCROOT)/../networkcommon/source/uv\"",
					"\"$(SRCROOT)/../networkcommon/source/quiche\"",
					"\"$(SRCROOT)/../qhiredis/hiredis\"",
					"\"$(SRCROOT)/../servercommon/source/libmongoc-1.0\"",
					"\"$(SRCROOT)/../common/libbson-1.0\"",
					"\"$(SRCROOT)/../common/uthash\"",
					"\"$(SRCROOT)/../common/nvwa\"",
					"\"$(SRCROOT)/../qh3client/qh3client\"",
					"\"$(SRCROOT)/../qzookeeper/zookeeper\"",
					"\"$(SRCROOT)/../common\"",
					"\"$(SRCROOT)/../qutils\"",
				);
				LIBRARY_SEARCH_PATHS = (
					"\"$(SRCROOT)/../networkcommon/libs/macos\"",
					"\"$(SRCROOT)/../qhiredis/libs/macos\"",
					"\"$(SRCROOT)/../servercommon/libs/macos\"",
					"\"$(SRCROOT)/../common/libs/macos\"",
					"\"$(SRCROOT)/../qzookeeper/libs/macos\"",
				);
				MACOSX_DEPLOYMENT_TARGET = 12.2;
				PRODUCT_NAME = "$(TARGET_NAME)";
				RUN_CLANG_TIDY = 0;
				SKIP_INSTALL = YES;
			};
			name = Release;
		};
		55A4ADA42AEF825800BC4CED /* Debug */ = {
			isa = XCBuildConfiguration;
			buildSettings = {
				ALWAYS_SEARCH_USER_PATHS = NO;
				CLANG_ANALYZER_NONNULL = YES;
				CLANG_ANALYZER_NUMBER_OBJECT_CONVERSION = YES_AGGRESSIVE;
				CLANG_CXX_LANGUAGE_STANDARD = "gnu++17";
				CLANG_ENABLE_MODULES = YES;
				CLANG_ENABLE_OBJC_ARC = YES;
				CLANG_ENABLE_OBJC_WEAK = YES;
				CLANG_WARN_BLOCK_CAPTURE_AUTORELEASING = YES;
				CLANG_WARN_BOOL_CONVERSION = YES;
				CLANG_WARN_COMMA = YES;
				CLANG_WARN_CONSTANT_CONVERSION = YES;
				CLANG_WARN_DEPRECATED_OBJC_IMPLEMENTATIONS = YES;
				CLANG_WARN_DIRECT_OBJC_ISA_USAGE = YES_ERROR;
				CLANG_WARN_DOCUMENTATION_COMMENTS = YES;
				CLANG_WARN_EMPTY_BODY = YES;
				CLANG_WARN_ENUM_CONVERSION = YES;
				CLANG_WARN_INFINITE_RECURSION = YES;
				CLANG_WARN_INT_CONVERSION = YES;
				CLANG_WARN_NON_LITERAL_NULL_CONVERSION = YES;
				CLANG_WARN_OBJC_IMPLICIT_RETAIN_SELF = YES;
				CLANG_WARN_OBJC_LITERAL_CONVERSION = YES;
				CLANG_WARN_OBJC_ROOT_CLASS = YES_ERROR;
				CLANG_WARN_QUOTED_INCLUDE_IN_FRAMEWORK_HEADER = YES;
				CLANG_WARN_RANGE_LOOP_ANALYSIS = YES;
				CLANG_WARN_STRICT_PROTOTYPES = YES;
				CLANG_WARN_SUSPICIOUS_MOVE = YES;
				CLANG_WARN_UNGUARDED_AVAILABILITY = YES_AGGRESSIVE;
				CLANG_WARN_UNREACHABLE_CODE = YES;
				CLANG_WARN__DUPLICATE_METHOD_MATCH = YES;
				COPY_PHASE_STRIP = NO;
				DEAD_CODE_STRIPPING = YES;
				DEBUG_INFORMATION_FORMAT = dwarf;
				ENABLE_STRICT_OBJC_MSGSEND = YES;
				ENABLE_TESTABILITY = YES;
				GCC_C_LANGUAGE_STANDARD = gnu11;
				GCC_DYNAMIC_NO_PIC = NO;
				GCC_NO_COMMON_BLOCKS = YES;
				GCC_OPTIMIZATION_LEVEL = 0;
				GCC_PREPROCESSOR_DEFINITIONS = (
					"DEBUG=1",
					"$(inherited)",
				);
				GCC_WARN_64_TO_32_BIT_CONVERSION = YES;
				GCC_WARN_ABOUT_RETURN_TYPE = YES_ERROR;
				GCC_WARN_UNDECLARED_SELECTOR = YES;
				GCC_WARN_UNINITIALIZED_AUTOS = YES_AGGRESSIVE;
				GCC_WARN_UNUSED_FUNCTION = YES;
				GCC_WARN_UNUSED_VARIABLE = YES;
				MACOSX_DEPLOYMENT_TARGET = x;
				MTL_ENABLE_DEBUG_INFO = INCLUDE_SOURCE;
				MTL_FAST_MATH = YES;
				ONLY_ACTIVE_ARCH = YES;
				SDKROOT = macosx;
			};
			name = Debug;
		};
		55A4ADA52AEF825800BC4CED /* Release */ = {
			isa = XCBuildConfiguration;
			buildSettings = {
				ALWAYS_SEARCH_USER_PATHS = NO;
				CLANG_ANALYZER_NONNULL = YES;
				CLANG_ANALYZER_NUMBER_OBJECT_CONVERSION = YES_AGGRESSIVE;
				CLANG_CXX_LANGUAGE_STANDARD = "gnu++17";
				CLANG_ENABLE_MODULES = YES;
				CLANG_ENABLE_OBJC_ARC = YES;
				CLANG_ENABLE_OBJC_WEAK = YES;
				CLANG_WARN_BLOCK_CAPTURE_AUTORELEASING = YES;
				CLANG_WARN_BOOL_CONVERSION = YES;
				CLANG_WARN_COMMA = YES;
				CLANG_WARN_CONSTANT_CONVERSION = YES;
				CLANG_WARN_DEPRECATED_OBJC_IMPLEMENTATIONS = YES;
				CLANG_WARN_DIRECT_OBJC_ISA_USAGE = YES_ERROR;
				CLANG_WARN_DOCUMENTATION_COMMENTS = YES;
				CLANG_WARN_EMPTY_BODY = YES;
				CLANG_WARN_ENUM_CONVERSION = YES;
				CLANG_WARN_INFINITE_RECURSION = YES;
				CLANG_WARN_INT_CONVERSION = YES;
				CLANG_WARN_NON_LITERAL_NULL_CONVERSION = YES;
				CLANG_WARN_OBJC_IMPLICIT_RETAIN_SELF = YES;
				CLANG_WARN_OBJC_LITERAL_CONVERSION = YES;
				CLANG_WARN_OBJC_ROOT_CLASS = YES_ERROR;
				CLANG_WARN_QUOTED_INCLUDE_IN_FRAMEWORK_HEADER = YES;
				CLANG_WARN_RANGE_LOOP_ANALYSIS = YES;
				CLANG_WARN_STRICT_PROTOTYPES = YES;
				CLANG_WARN_SUSPICIOUS_MOVE = YES;
				CLANG_WARN_UNGUARDED_AVAILABILITY = YES_AGGRESSIVE;
				CLANG_WARN_UNREACHABLE_CODE = YES;
				CLANG_WARN__DUPLICATE_METHOD_MATCH = YES;
				COPY_PHASE_STRIP = NO;
				DEAD_CODE_STRIPPING = YES;
				DEBUG_INFORMATION_FORMAT = "dwarf-with-dsym";
				ENABLE_NS_ASSERTIONS = NO;
				ENABLE_STRICT_OBJC_MSGSEND = YES;
				GCC_C_LANGUAGE_STANDARD = gnu11;
				GCC_NO_COMMON_BLOCKS = YES;
				GCC_WARN_64_TO_32_BIT_CONVERSION = YES;
				GCC_WARN_ABOUT_RETURN_TYPE = YES_ERROR;
				GCC_WARN_UNDECLARED_SELECTOR = YES;
				GCC_WARN_UNINITIALIZED_AUTOS = YES_AGGRESSIVE;
				GCC_WARN_UNUSED_FUNCTION = YES;
				GCC_WARN_UNUSED_VARIABLE = YES;
				MACOSX_DEPLOYMENT_TARGET = x;
				MTL_ENABLE_DEBUG_INFO = NO;
				MTL_FAST_MATH = YES;
				SDKROOT = macosx;
			};
			name = Release;
		};
		55A4ADA72AEF825800BC4CED /* Debug */ = {
			isa = XCBuildConfiguration;
			buildSettings = {
				CLANG_CXX_LANGUAGE_STANDARD = "c++17";
				CODE_SIGN_ENTITLEMENTS = qh3server/qh3server.entitlements;
				CODE_SIGN_IDENTITY = "Apple Development";
				CODE_SIGN_STYLE = Automatic;
				DEAD_CODE_STRIPPING = YES;
				DEVELOPMENT_TEAM = 5ZJZVQUB7D;
				ENABLE_HARDENED_RUNTIME = YES;
				GCC_PREFIX_HEADER = "$(SRCROOT)/../common/nvwa/debug_new.pch";
				GCC_PREPROCESSOR_DEFINITIONS = (
					"$(inherited)",
					"DEBUG=1",
					"LOG_LEVEL=3",
					"FORK_QH3_SERVER=0",
					THREADED,
					"ENABLE_ZK=1",
					"DEV_BUILD=1",
					"ENABLE_QUICHE_LOG=1",
				);
				HEADER_SEARCH_PATHS = (
					"\"$(SRCROOT)/../networkcommon/source/ev\"",
					"\"$(SRCROOT)/../networkcommon/source/uv\"",
					"\"$(SRCROOT)/../networkcommon/source/quiche\"",
					"\"$(SRCROOT)/../qhiredis/hiredis\"",
					"\"$(SRCROOT)/../servercommon/source/libmongoc-1.0\"",
					"\"$(SRCROOT)/../common/libbson-1.0\"",
					"\"$(SRCROOT)/../common/uthash\"",
					"\"$(SRCROOT)/../common/nvwa\"",
					"\"$(SRCROOT)/../qh3client/qh3client\"",
					"\"$(SRCROOT)/../qzookeeper/zookeeper\"",
					"\"$(SRCROOT)/../common\"",
					"\"$(SRCROOT)/../qutils\"",
				);
				LIBRARY_SEARCH_PATHS = (
					"\"$(SRCROOT)/../networkcommon/libs/macos\"",
					"\"$(SRCROOT)/../qhiredis/libs/macos\"",
					"\"$(SRCROOT)/../servercommon/libs/macos\"",
					"\"$(SRCROOT)/../common/libs/macos\"",
					"\"$(SRCROOT)/../qzookeeper/libs/macos\"",
				);
				MACOSX_DEPLOYMENT_TARGET = 12.4;
				OTHER_LDFLAGS = "-lresolv";
				PRODUCT_NAME = "$(TARGET_NAME)";
				PROVISIONING_PROFILE_SPECIFIER = "";
				RUN_CLANG_TIDY = 0;
				WARNING_CFLAGS = "";
			};
			name = Debug;
		};
		55A4ADA82AEF825800BC4CED /* Release */ = {
			isa = XCBuildConfiguration;
			buildSettings = {
				CLANG_CXX_LANGUAGE_STANDARD = "c++17";
				CODE_SIGN_ENTITLEMENTS = qh3server/qh3server.entitlements;
				CODE_SIGN_IDENTITY = "Apple Development";
				CODE_SIGN_STYLE = Automatic;
				DEAD_CODE_STRIPPING = YES;
				DEVELOPMENT_TEAM = 5ZJZVQUB7D;
				ENABLE_HARDENED_RUNTIME = YES;
				GCC_PREPROCESSOR_DEFINITIONS = (
					"LOG_LEVEL=3",
					"FORK_QH3_SERVER=1",
					THREADED,
					"ENABLE_ZK=1",
					"PROD_BUILD=1",
					"ENABLE_QUICHE_LOG=0",
				);
				HEADER_SEARCH_PATHS = (
					"\"$(SRCROOT)/../networkcommon/source/ev\"",
					"\"$(SRCROOT)/../networkcommon/source/uv\"",
					"\"$(SRCROOT)/../networkcommon/source/quiche\"",
					"\"$(SRCROOT)/../qhiredis/hiredis\"",
					"\"$(SRCROOT)/../servercommon/source/libmongoc-1.0\"",
					"\"$(SRCROOT)/../common/libbson-1.0\"",
					"\"$(SRCROOT)/../common/uthash\"",
					"\"$(SRCROOT)/../common/nvwa\"",
					"\"$(SRCROOT)/../qh3client/qh3client\"",
					"\"$(SRCROOT)/../qzookeeper/zookeeper\"",
					"\"$(SRCROOT)/../common\"",
					"\"$(SRCROOT)/../qutils\"",
				);
				LIBRARY_SEARCH_PATHS = (
					"\"$(SRCROOT)/../networkcommon/libs/macos\"",
					"\"$(SRCROOT)/../qhiredis/libs/macos\"",
					"\"$(SRCROOT)/../servercommon/libs/macos\"",
					"\"$(SRCROOT)/../common/libs/macos\"",
					"\"$(SRCROOT)/../qzookeeper/libs/macos\"",
				);
				MACOSX_DEPLOYMENT_TARGET = 12.4;
				ONLY_ACTIVE_ARCH = YES;
				OTHER_LDFLAGS = "-lresolv";
				PRODUCT_NAME = "$(TARGET_NAME)";
				PROVISIONING_PROFILE_SPECIFIER = "";
				RUN_CLANG_TIDY = 0;
				WARNING_CFLAGS = "";
			};
			name = Release;
		};
/* End XCBuildConfiguration section */

/* Begin XCConfigurationList section */
		555EB0E92C2F0D0E001F1B21 /* Build configuration list for PBXNativeTarget "qh3server-st" */ = {
			isa = XCConfigurationList;
			buildConfigurations = (
				555EB0E72C2F0D0E001F1B21 /* Debug */,
				555EB0E82C2F0D0E001F1B21 /* Release */,
			);
			defaultConfigurationIsVisible = 0;
			defaultConfigurationName = Release;
		};
		55A4AD9A2AEF825700BC4CED /* Build configuration list for PBXProject "qh3server" */ = {
			isa = XCConfigurationList;
			buildConfigurations = (
				55A4ADA42AEF825800BC4CED /* Debug */,
				55A4ADA52AEF825800BC4CED /* Release */,
			);
			defaultConfigurationIsVisible = 0;
			defaultConfigurationName = Release;
		};
		55A4ADA62AEF825800BC4CED /* Build configuration list for PBXNativeTarget "qh3server" */ = {
			isa = XCConfigurationList;
			buildConfigurations = (
				55A4ADA72AEF825800BC4CED /* Debug */,
				55A4ADA82AEF825800BC4CED /* Release */,
			);
			defaultConfigurationIsVisible = 0;
			defaultConfigurationName = Release;
		};
/* End XCConfigurationList section */
	};
	rootObject = 55A4AD972AEF825700BC4CED /* Project object */;
}
