// !$*UTF8*$!
{
	archiveVersion = 1;
	classes = {
	};
	objectVersion = 55;
	objects = {

/* Begin PBXBuildFile section */
		55A4ADA32AEF825800BC4CED /* main.cpp in Sources */ = {isa = PBXBuildFile; fileRef = 55A4ADA22AEF825800BC4CED /* main.cpp */; };
		55A4ADBE2AEF836400BC4CED /* libcommon.a in Frameworks */ = {isa = PBXBuildFile; fileRef = 55A4ADBD2AEF836400BC4CED /* libcommon.a */; };
		55A4ADC02AEF836900BC4CED /* libnetworkcommon.a in Frameworks */ = {isa = PBXBuildFile; fileRef = 55A4ADBF2AEF836900BC4CED /* libnetworkcommon.a */; };
		55A4ADC22AEF838F00BC4CED /* libev.a in Frameworks */ = {isa = PBXBuildFile; fileRef = 55A4ADC12AEF838200BC4CED /* libev.a */; };
		55A4ADC42AEF83A800BC4CED /* libquiche.a in Frameworks */ = {isa = PBXBuildFile; fileRef = 55A4ADC32AEF839B00BC4CED /* libquiche.a */; };
		55A4ADC62AEFA3F800BC4CED /* CoreFoundation.framework in Frameworks */ = {isa = PBXBuildFile; fileRef = 55A4ADC52AEFA3F800BC4CED /* CoreFoundation.framework */; };
		55A4ADC82AEFA40F00BC4CED /* Security.framework in Frameworks */ = {isa = PBXBuildFile; fileRef = 55A4ADC72AEFA40F00BC4CED /* Security.framework */; };
/* End PBXBuildFile section */

/* Begin PBXCopyFilesBuildPhase section */
		55A4AD9D2AEF825800BC4CED /* CopyFiles */ = {
			isa = PBXCopyFilesBuildPhase;
			buildActionMask = 2147483647;
			dstPath = /usr/share/man/man1/;
			dstSubfolderSpec = 0;
			files = (
			);
			runOnlyForDeploymentPostprocessing = 1;
		};
/* End PBXCopyFilesBuildPhase section */

/* Begin PBXFileReference section */
		55A4AD9F2AEF825800BC4CED /* qh3server */ = {isa = PBXFileReference; explicitFileType = "compiled.mach-o.executable"; includeInIndex = 0; path = qh3server; sourceTree = BUILT_PRODUCTS_DIR; };
		55A4ADA22AEF825800BC4CED /* main.cpp */ = {isa = PBXFileReference; lastKnownFileType = sourcecode.cpp.cpp; path = main.cpp; sourceTree = "<group>"; };
		55A4ADBD2AEF836400BC4CED /* libcommon.a */ = {isa = PBXFileReference; explicitFileType = archive.ar; path = libcommon.a; sourceTree = BUILT_PRODUCTS_DIR; };
		55A4ADBF2AEF836900BC4CED /* libnetworkcommon.a */ = {isa = PBXFileReference; explicitFileType = archive.ar; path = libnetworkcommon.a; sourceTree = BUILT_PRODUCTS_DIR; };
		55A4ADC12AEF838200BC4CED /* libev.a */ = {isa = PBXFileReference; lastKnownFileType = archive.ar; name = libev.a; path = ../networkcommon/libs/macos/libev.a; sourceTree = "<group>"; };
		55A4ADC32AEF839B00BC4CED /* libquiche.a */ = {isa = PBXFileReference; lastKnownFileType = archive.ar; name = libquiche.a; path = ../networkcommon/libs/macos/libquiche.a; sourceTree = "<group>"; };
		55A4ADC52AEFA3F800BC4CED /* CoreFoundation.framework */ = {isa = PBXFileReference; lastKnownFileType = wrapper.framework; name = CoreFoundation.framework; path = System/Library/Frameworks/CoreFoundation.framework; sourceTree = SDKROOT; };
		55A4ADC72AEFA40F00BC4CED /* Security.framework */ = {isa = PBXFileReference; lastKnownFileType = wrapper.framework; name = Security.framework; path = System/Library/Frameworks/Security.framework; sourceTree = SDKROOT; };
/* End PBXFileReference section */

/* Begin PBXFrameworksBuildPhase section */
		55A4AD9C2AEF825800BC4CED /* Frameworks */ = {
			isa = PBXFrameworksBuildPhase;
			buildActionMask = 2147483647;
			files = (
				55A4ADC62AEFA3F800BC4CED /* CoreFoundation.framework in Frameworks */,
				55A4ADC42AEF83A800BC4CED /* libquiche.a in Frameworks */,
				55A4ADC22AEF838F00BC4CED /* libev.a in Frameworks */,
				55A4ADBE2AEF836400BC4CED /* libcommon.a in Frameworks */,
				55A4ADC82AEFA40F00BC4CED /* Security.framework in Frameworks */,
				55A4ADC02AEF836900BC4CED /* libnetworkcommon.a in Frameworks */,
			);
			runOnlyForDeploymentPostprocessing = 0;
		};
/* End PBXFrameworksBuildPhase section */

/* Begin PBXGroup section */
		55A4AD962AEF825700BC4CED = {
			isa = PBXGroup;
			children = (
				55A4ADA12AEF825800BC4CED /* qh3server */,
				55A4ADA02AEF825800BC4CED /* Products */,
				55A4ADBC2AEF836400BC4CED /* Frameworks */,
			);
			sourceTree = "<group>";
		};
		55A4ADA02AEF825800BC4CED /* Products */ = {
			isa = PBXGroup;
			children = (
				55A4AD9F2AEF825800BC4CED /* qh3server */,
			);
			name = Products;
			sourceTree = "<group>";
		};
		55A4ADA12AEF825800BC4CED /* qh3server */ = {
			isa = PBXGroup;
			children = (
				55A4ADA22AEF825800BC4CED /* main.cpp */,
			);
			path = qh3server;
			sourceTree = "<group>";
		};
		55A4ADBC2AEF836400BC4CED /* Frameworks */ = {
			isa = PBXGroup;
			children = (
				55A4ADC72AEFA40F00BC4CED /* Security.framework */,
				55A4ADC52AEFA3F800BC4CED /* CoreFoundation.framework */,
				55A4ADC32AEF839B00BC4CED /* libquiche.a */,
				55A4ADC12AEF838200BC4CED /* libev.a */,
				55A4ADBF2AEF836900BC4CED /* libnetworkcommon.a */,
				55A4ADBD2AEF836400BC4CED /* libcommon.a */,
			);
			name = Frameworks;
			sourceTree = "<group>";
		};
/* End PBXGroup section */

/* Begin PBXNativeTarget section */
		55A4AD9E2AEF825800BC4CED /* qh3server */ = {
			isa = PBXNativeTarget;
			buildConfigurationList = 55A4ADA62AEF825800BC4CED /* Build configuration list for PBXNativeTarget "qh3server" */;
			buildPhases = (
				55A4AD9B2AEF825800BC4CED /* Sources */,
				55A4AD9C2AEF825800BC4CED /* Frameworks */,
				55A4AD9D2AEF825800BC4CED /* CopyFiles */,
			);
			buildRules = (
			);
			dependencies = (
			);
			name = qh3server;
			productName = qh3server;
			productReference = 55A4AD9F2AEF825800BC4CED /* qh3server */;
			productType = "com.apple.product-type.tool";
		};
/* End PBXNativeTarget section */

/* Begin PBXProject section */
		55A4AD972AEF825700BC4CED /* Project object */ = {
			isa = PBXProject;
			attributes = {
				BuildIndependentTargetsInParallel = 1;
				LastUpgradeCheck = 1340;
				TargetAttributes = {
					55A4AD9E2AEF825800BC4CED = {
						CreatedOnToolsVersion = 13.4;
					};
				};
			};
			buildConfigurationList = 55A4AD9A2AEF825700BC4CED /* Build configuration list for PBXProject "qh3server" */;
			compatibilityVersion = "Xcode 13.0";
			developmentRegion = en;
			hasScannedForEncodings = 0;
			knownRegions = (
				en,
				Base,
			);
			mainGroup = 55A4AD962AEF825700BC4CED;
			productRefGroup = 55A4ADA02AEF825800BC4CED /* Products */;
			projectDirPath = "";
			projectRoot = "";
			targets = (
				55A4AD9E2AEF825800BC4CED /* qh3server */,
			);
		};
/* End PBXProject section */

/* Begin PBXSourcesBuildPhase section */
		55A4AD9B2AEF825800BC4CED /* Sources */ = {
			isa = PBXSourcesBuildPhase;
			buildActionMask = 2147483647;
			files = (
				55A4ADA32AEF825800BC4CED /* main.cpp in Sources */,
			);
			runOnlyForDeploymentPostprocessing = 0;
		};
/* End PBXSourcesBuildPhase section */

/* Begin XCBuildConfiguration section */
		55A4ADA42AEF825800BC4CED /* Debug */ = {
			isa = XCBuildConfiguration;
			buildSettings = {
				ALWAYS_SEARCH_USER_PATHS = NO;
				CLANG_ANALYZER_NONNULL = YES;
				CLANG_ANALYZER_NUMBER_OBJECT_CONVERSION = YES_AGGRESSIVE;
				CLANG_CXX_LANGUAGE_STANDARD = "gnu++17";
				CLANG_ENABLE_MODULES = YES;
				CLANG_ENABLE_OBJC_ARC = YES;
				CLANG_ENABLE_OBJC_WEAK = YES;
				CLANG_WARN_BLOCK_CAPTURE_AUTORELEASING = YES;
				CLANG_WARN_BOOL_CONVERSION = YES;
				CLANG_WARN_COMMA = YES;
				CLANG_WARN_CONSTANT_CONVERSION = YES;
				CLANG_WARN_DEPRECATED_OBJC_IMPLEMENTATIONS = YES;
				CLANG_WARN_DIRECT_OBJC_ISA_USAGE = YES_ERROR;
				CLANG_WARN_DOCUMENTATION_COMMENTS = YES;
				CLANG_WARN_EMPTY_BODY = YES;
				CLANG_WARN_ENUM_CONVERSION = YES;
				CLANG_WARN_INFINITE_RECURSION = YES;
				CLANG_WARN_INT_CONVERSION = YES;
				CLANG_WARN_NON_LITERAL_NULL_CONVERSION = YES;
				CLANG_WARN_OBJC_IMPLICIT_RETAIN_SELF = YES;
				CLANG_WARN_OBJC_LITERAL_CONVERSION = YES;
				CLANG_WARN_OBJC_ROOT_CLASS = YES_ERROR;
				CLANG_WARN_QUOTED_INCLUDE_IN_FRAMEWORK_HEADER = YES;
				CLANG_WARN_RANGE_LOOP_ANALYSIS = YES;
				CLANG_WARN_STRICT_PROTOTYPES = YES;
				CLANG_WARN_SUSPICIOUS_MOVE = YES;
				CLANG_WARN_UNGUARDED_AVAILABILITY = YES_AGGRESSIVE;
				CLANG_WARN_UNREACHABLE_CODE = YES;
				CLANG_WARN__DUPLICATE_METHOD_MATCH = YES;
				COPY_PHASE_STRIP = NO;
				DEBUG_INFORMATION_FORMAT = dwarf;
				ENABLE_STRICT_OBJC_MSGSEND = YES;
				ENABLE_TESTABILITY = YES;
				GCC_C_LANGUAGE_STANDARD = gnu11;
				GCC_DYNAMIC_NO_PIC = NO;
				GCC_NO_COMMON_BLOCKS = YES;
				GCC_OPTIMIZATION_LEVEL = 0;
				GCC_PREPROCESSOR_DEFINITIONS = (
					"DEBUG=1",
					"$(inherited)",
				);
				GCC_WARN_64_TO_32_BIT_CONVERSION = YES;
				GCC_WARN_ABOUT_RETURN_TYPE = YES_ERROR;
				GCC_WARN_UNDECLARED_SELECTOR = YES;
				GCC_WARN_UNINITIALIZED_AUTOS = YES_AGGRESSIVE;
				GCC_WARN_UNUSED_FUNCTION = YES;
				GCC_WARN_UNUSED_VARIABLE = YES;
				MACOSX_DEPLOYMENT_TARGET = 12.3;
				MTL_ENABLE_DEBUG_INFO = INCLUDE_SOURCE;
				MTL_FAST_MATH = YES;
				ONLY_ACTIVE_ARCH = YES;
				SDKROOT = macosx;
			};
			name = Debug;
		};
		55A4ADA52AEF825800BC4CED /* Release */ = {
			isa = XCBuildConfiguration;
			buildSettings = {
				ALWAYS_SEARCH_USER_PATHS = NO;
				CLANG_ANALYZER_NONNULL = YES;
				CLANG_ANALYZER_NUMBER_OBJECT_CONVERSION = YES_AGGRESSIVE;
				CLANG_CXX_LANGUAGE_STANDARD = "gnu++17";
				CLANG_ENABLE_MODULES = YES;
				CLANG_ENABLE_OBJC_ARC = YES;
				CLANG_ENABLE_OBJC_WEAK = YES;
				CLANG_WARN_BLOCK_CAPTURE_AUTORELEASING = YES;
				CLANG_WARN_BOOL_CONVERSION = YES;
				CLANG_WARN_COMMA = YES;
				CLANG_WARN_CONSTANT_CONVERSION = YES;
				CLANG_WARN_DEPRECATED_OBJC_IMPLEMENTATIONS = YES;
				CLANG_WARN_DIRECT_OBJC_ISA_USAGE = YES_ERROR;
				CLANG_WARN_DOCUMENTATION_COMMENTS = YES;
				CLANG_WARN_EMPTY_BODY = YES;
				CLANG_WARN_ENUM_CONVERSION = YES;
				CLANG_WARN_INFINITE_RECURSION = YES;
				CLANG_WARN_INT_CONVERSION = YES;
				CLANG_WARN_NON_LITERAL_NULL_CONVERSION = YES;
				CLANG_WARN_OBJC_IMPLICIT_RETAIN_SELF = YES;
				CLANG_WARN_OBJC_LITERAL_CONVERSION = YES;
				CLANG_WARN_OBJC_ROOT_CLASS = YES_ERROR;
				CLANG_WARN_QUOTED_INCLUDE_IN_FRAMEWORK_HEADER = YES;
				CLANG_WARN_RANGE_LOOP_ANALYSIS = YES;
				CLANG_WARN_STRICT_PROTOTYPES = YES;
				CLANG_WARN_SUSPICIOUS_MOVE = YES;
				CLANG_WARN_UNGUARDED_AVAILABILITY = YES_AGGRESSIVE;
				CLANG_WARN_UNREACHABLE_CODE = YES;
				CLANG_WARN__DUPLICATE_METHOD_MATCH = YES;
				COPY_PHASE_STRIP = NO;
				DEBUG_INFORMATION_FORMAT = "dwarf-with-dsym";
				ENABLE_NS_ASSERTIONS = NO;
				ENABLE_STRICT_OBJC_MSGSEND = YES;
				GCC_C_LANGUAGE_STANDARD = gnu11;
				GCC_NO_COMMON_BLOCKS = YES;
				GCC_WARN_64_TO_32_BIT_CONVERSION = YES;
				GCC_WARN_ABOUT_RETURN_TYPE = YES_ERROR;
				GCC_WARN_UNDECLARED_SELECTOR = YES;
				GCC_WARN_UNINITIALIZED_AUTOS = YES_AGGRESSIVE;
				GCC_WARN_UNUSED_FUNCTION = YES;
				GCC_WARN_UNUSED_VARIABLE = YES;
				MACOSX_DEPLOYMENT_TARGET = 12.3;
				MTL_ENABLE_DEBUG_INFO = NO;
				MTL_FAST_MATH = YES;
				SDKROOT = macosx;
			};
			name = Release;
		};
		55A4ADA72AEF825800BC4CED /* Debug */ = {
			isa = XCBuildConfiguration;
			buildSettings = {
				CODE_SIGN_STYLE = Automatic;
				DEVELOPMENT_TEAM = 5ZJZVQUB7D;
				ENABLE_HARDENED_RUNTIME = YES;
				HEADER_SEARCH_PATHS = (
					"\"$(SRCROOT)/../networkcommon/source/ev\"",
					"\"$(SRCROOT)/../networkcommon/source/quiche\"",
				);
				LIBRARY_SEARCH_PATHS = "\"$(SRCROOT)/../networkcommon/libs/macos\"";
				PRODUCT_NAME = "$(TARGET_NAME)";
			};
			name = Debug;
		};
		55A4ADA82AEF825800BC4CED /* Release */ = {
			isa = XCBuildConfiguration;
			buildSettings = {
				CODE_SIGN_STYLE = Automatic;
				DEVELOPMENT_TEAM = 5ZJZVQUB7D;
				ENABLE_HARDENED_RUNTIME = YES;
				HEADER_SEARCH_PATHS = (
					"\"$(SRCROOT)/../networkcommon/source/ev\"",
					"\"$(SRCROOT)/../networkcommon/source/quiche\"",
				);
				LIBRARY_SEARCH_PATHS = "\"$(SRCROOT)/../networkcommon/libs/macos\"";
				PRODUCT_NAME = "$(TARGET_NAME)";
			};
			name = Release;
		};
/* End XCBuildConfiguration section */

/* Begin XCConfigurationList section */
		55A4AD9A2AEF825700BC4CED /* Build configuration list for PBXProject "qh3server" */ = {
			isa = XCConfigurationList;
			buildConfigurations = (
				55A4ADA42AEF825800BC4CED /* Debug */,
				55A4ADA52AEF825800BC4CED /* Release */,
			);
			defaultConfigurationIsVisible = 0;
			defaultConfigurationName = Release;
		};
		55A4ADA62AEF825800BC4CED /* Build configuration list for PBXNativeTarget "qh3server" */ = {
			isa = XCConfigurationList;
			buildConfigurations = (
				55A4ADA72AEF825800BC4CED /* Debug */,
				55A4ADA82AEF825800BC4CED /* Release */,
			);
			defaultConfigurationIsVisible = 0;
			defaultConfigurationName = Release;
		};
/* End XCConfigurationList section */
	};
	rootObject = 55A4AD972AEF825700BC4CED /* Project object */;
}
