// !$*UTF8*$!
{
	archiveVersion = 1;
	classes = {
	};
	objectVersion = 50;
	objects = {

/* Begin PBXBuildFile section */
		55384B942B9651AF00BE7723 /* message.hpp in Headers */ = {isa = PBXBuildFile; fileRef = 55384B922B9651AF00BE7723 /* message.hpp */; };
		55384B952B9651AF00BE7723 /* message.cpp in Sources */ = {isa = PBXBuildFile; fileRef = 55384B932B9651AF00BE7723 /* message.cpp */; };
		55384BB52B9AD1D600BE7723 /* serverconfig.cpp in Sources */ = {isa = PBXBuildFile; fileRef = 55384BB32B9AD1D500BE7723 /* serverconfig.cpp */; };
		55384BB62B9AD1D600BE7723 /* serverconfig.hpp in Headers */ = {isa = PBXBuildFile; fileRef = 55384BB42B9AD1D500BE7723 /* serverconfig.hpp */; };
		556AB5F62AF260DD00D688DB /* qtextfilelogger.cpp in Sources */ = {isa = PBXBuildFile; fileRef = 556AB5F42AF260DD00D688DB /* qtextfilelogger.cpp */; };
		556AB5F72AF260DD00D688DB /* qtextfilelogger.hpp in Headers */ = {isa = PBXBuildFile; fileRef = 556AB5F52AF260DD00D688DB /* qtextfilelogger.hpp */; };
		556AB5FA2AF3A2C700D688DB /* qbuffer.cpp in Sources */ = {isa = PBXBuildFile; fileRef = 556AB5F82AF3A2C700D688DB /* qbuffer.cpp */; };
		556AB5FB2AF3A2C700D688DB /* qbuffer.hpp in Headers */ = {isa = PBXBuildFile; fileRef = 556AB5F92AF3A2C700D688DB /* qbuffer.hpp */; };
		556ABAE52B0A8E7E00D688DB /* qstatslogger.cpp in Sources */ = {isa = PBXBuildFile; fileRef = 556ABAE32B0A8E7E00D688DB /* qstatslogger.cpp */; };
		556ABAE62B0A8E7E00D688DB /* qstatslogger.hpp in Headers */ = {isa = PBXBuildFile; fileRef = 556ABAE42B0A8E7E00D688DB /* qstatslogger.hpp */; };
		557487382AE9530500C0F6CA /* main.cpp in Sources */ = {isa = PBXBuildFile; fileRef = 557487372AE9530500C0F6CA /* main.cpp */; };
		557487442AE9A78D00C0F6CA /* essentials.cpp in Sources */ = {isa = PBXBuildFile; fileRef = 557487422AE9A78D00C0F6CA /* essentials.cpp */; };
		557487452AE9A78D00C0F6CA /* essentials.hpp in Headers */ = {isa = PBXBuildFile; fileRef = 557487432AE9A78D00C0F6CA /* essentials.hpp */; };
		5574879E2AEC227500C0F6CA /* qtimer.cpp in Sources */ = {isa = PBXBuildFile; fileRef = 5574879C2AEC227500C0F6CA /* qtimer.cpp */; };
		5574879F2AEC227500C0F6CA /* qtimer.hpp in Headers */ = {isa = PBXBuildFile; fileRef = 5574879D2AEC227500C0F6CA /* qtimer.hpp */; };
		557620572C7676DE002372E4 /* qtimer_uv.hpp in Headers */ = {isa = PBXBuildFile; fileRef = 557620552C7676DE002372E4 /* qtimer_uv.hpp */; };
		557620582C7676DE002372E4 /* qtimer_uv.cpp in Sources */ = {isa = PBXBuildFile; fileRef = 557620562C7676DE002372E4 /* qtimer_uv.cpp */; };
		5594E2262B3DD61900E47984 /* qtextfile.cpp in Sources */ = {isa = PBXBuildFile; fileRef = 5594E2242B3DD61900E47984 /* qtextfile.cpp */; };
		5594E2272B3DD61900E47984 /* qtextfile.hpp in Headers */ = {isa = PBXBuildFile; fileRef = 5594E2252B3DD61900E47984 /* qtextfile.hpp */; };
		5595E1212BB0101D00FA2618 /* roommessage.hpp in Headers */ = {isa = PBXBuildFile; fileRef = 5595E11F2BB0101D00FA2618 /* roommessage.hpp */; };
		55FB29C02ACF20990051DDF9 /* quiche.h in Headers */ = {isa = PBXBuildFile; fileRef = 55E4D3352ACDD23100555999 /* quiche.h */; };
/* End PBXBuildFile section */

/* Begin PBXFileReference section */
		55384B922B9651AF00BE7723 /* message.hpp */ = {isa = PBXFileReference; fileEncoding = 4; lastKnownFileType = sourcecode.cpp.h; name = message.hpp; path = source/message.hpp; sourceTree = SOURCE_ROOT; };
		55384B932B9651AF00BE7723 /* message.cpp */ = {isa = PBXFileReference; fileEncoding = 4; lastKnownFileType = sourcecode.cpp.cpp; name = message.cpp; path = source/message.cpp; sourceTree = SOURCE_ROOT; };
		55384BB32B9AD1D500BE7723 /* serverconfig.cpp */ = {isa = PBXFileReference; lastKnownFileType = sourcecode.cpp.cpp; path = serverconfig.cpp; sourceTree = "<group>"; };
		55384BB42B9AD1D500BE7723 /* serverconfig.hpp */ = {isa = PBXFileReference; lastKnownFileType = sourcecode.cpp.h; path = serverconfig.hpp; sourceTree = "<group>"; };
		556AB5F42AF260DD00D688DB /* qtextfilelogger.cpp */ = {isa = PBXFileReference; lastKnownFileType = sourcecode.cpp.cpp; path = qtextfilelogger.cpp; sourceTree = "<group>"; };
		556AB5F52AF260DD00D688DB /* qtextfilelogger.hpp */ = {isa = PBXFileReference; lastKnownFileType = sourcecode.cpp.h; path = qtextfilelogger.hpp; sourceTree = "<group>"; };
		556AB5F82AF3A2C700D688DB /* qbuffer.cpp */ = {isa = PBXFileReference; lastKnownFileType = sourcecode.cpp.cpp; path = qbuffer.cpp; sourceTree = "<group>"; };
		556AB5F92AF3A2C700D688DB /* qbuffer.hpp */ = {isa = PBXFileReference; lastKnownFileType = sourcecode.cpp.h; path = qbuffer.hpp; sourceTree = "<group>"; };
		556ABAE32B0A8E7E00D688DB /* qstatslogger.cpp */ = {isa = PBXFileReference; lastKnownFileType = sourcecode.cpp.cpp; path = qstatslogger.cpp; sourceTree = "<group>"; };
		556ABAE42B0A8E7E00D688DB /* qstatslogger.hpp */ = {isa = PBXFileReference; lastKnownFileType = sourcecode.cpp.h; path = qstatslogger.hpp; sourceTree = "<group>"; };
		557487372AE9530500C0F6CA /* main.cpp */ = {isa = PBXFileReference; lastKnownFileType = sourcecode.cpp.cpp; path = main.cpp; sourceTree = "<group>"; };
		557487422AE9A78D00C0F6CA /* essentials.cpp */ = {isa = PBXFileReference; lastKnownFileType = sourcecode.cpp.cpp; path = essentials.cpp; sourceTree = "<group>"; };
		557487432AE9A78D00C0F6CA /* essentials.hpp */ = {isa = PBXFileReference; lastKnownFileType = sourcecode.cpp.h; path = essentials.hpp; sourceTree = "<group>"; };
		5574879C2AEC227500C0F6CA /* qtimer.cpp */ = {isa = PBXFileReference; lastKnownFileType = sourcecode.cpp.cpp; path = qtimer.cpp; sourceTree = "<group>"; };
		5574879D2AEC227500C0F6CA /* qtimer.hpp */ = {isa = PBXFileReference; lastKnownFileType = sourcecode.cpp.h; path = qtimer.hpp; sourceTree = "<group>"; };
		557620552C7676DE002372E4 /* qtimer_uv.hpp */ = {isa = PBXFileReference; fileEncoding = 4; lastKnownFileType = sourcecode.cpp.h; path = qtimer_uv.hpp; sourceTree = "<group>"; };
		557620562C7676DE002372E4 /* qtimer_uv.cpp */ = {isa = PBXFileReference; fileEncoding = 4; lastKnownFileType = sourcecode.cpp.cpp; path = qtimer_uv.cpp; sourceTree = "<group>"; };
		5594E2242B3DD61900E47984 /* qtextfile.cpp */ = {isa = PBXFileReference; lastKnownFileType = sourcecode.cpp.cpp; path = qtextfile.cpp; sourceTree = "<group>"; };
		5594E2252B3DD61900E47984 /* qtextfile.hpp */ = {isa = PBXFileReference; lastKnownFileType = sourcecode.cpp.h; path = qtextfile.hpp; sourceTree = "<group>"; };
		5595E11E2BB0101D00FA2618 /* roommessage.cpp */ = {isa = PBXFileReference; lastKnownFileType = sourcecode.cpp.cpp; path = roommessage.cpp; sourceTree = "<group>"; };
		5595E11F2BB0101D00FA2618 /* roommessage.hpp */ = {isa = PBXFileReference; lastKnownFileType = sourcecode.cpp.h; path = roommessage.hpp; sourceTree = "<group>"; };
		55B372CF2AC3091000F0095E /* libnetworkcommon.a */ = {isa = PBXFileReference; explicitFileType = archive.ar; includeInIndex = 0; path = libnetworkcommon.a; sourceTree = BUILT_PRODUCTS_DIR; };
		55E4D3242ACAF4F600555999 /* CoreFoundation.framework */ = {isa = PBXFileReference; lastKnownFileType = wrapper.framework; name = CoreFoundation.framework; path = System/Library/Frameworks/CoreFoundation.framework; sourceTree = SDKROOT; };
		55E4D3352ACDD23100555999 /* quiche.h */ = {isa = PBXFileReference; explicitFileType = sourcecode.cpp.h; fileEncoding = 4; path = quiche.h; sourceTree = "<group>"; };
		55FB29BE2ACF1D010051DDF9 /* libquiche.a */ = {isa = PBXFileReference; lastKnownFileType = archive.ar; name = libquiche.a; path = quiche_lib/release/libquiche.a; sourceTree = "<group>"; };
/* End PBXFileReference section */

/* Begin PBXFrameworksBuildPhase section */
		55B372CD2AC3091000F0095E /* Frameworks */ = {
			isa = PBXFrameworksBuildPhase;
			buildActionMask = 2147483647;
			files = (
			);
			runOnlyForDeploymentPostprocessing = 0;
		};
/* End PBXFrameworksBuildPhase section */

/* Begin PBXGroup section */
		55853CCA2AC32AD200901E52 /* Frameworks */ = {
			isa = PBXGroup;
			children = (
				55FB29BE2ACF1D010051DDF9 /* libquiche.a */,
				55E4D3242ACAF4F600555999 /* CoreFoundation.framework */,
			);
			name = Frameworks;
			sourceTree = "<group>";
		};
		55B372C62AC3091000F0095E = {
			isa = PBXGroup;
			children = (
				55B372E52AC3097700F0095E /* source */,
				55B372D02AC3091000F0095E /* Products */,
				55853CCA2AC32AD200901E52 /* Frameworks */,
			);
			sourceTree = "<group>";
		};
		55B372D02AC3091000F0095E /* Products */ = {
			isa = PBXGroup;
			children = (
				55B372CF2AC3091000F0095E /* libnetworkcommon.a */,
			);
			name = Products;
			sourceTree = "<group>";
		};
		55B372E52AC3097700F0095E /* source */ = {
			isa = PBXGroup;
			children = (
				55E4D3342ACDD23100555999 /* quiche */,
				557487372AE9530500C0F6CA /* main.cpp */,
				55384B932B9651AF00BE7723 /* message.cpp */,
				55384B922B9651AF00BE7723 /* message.hpp */,
				5595E11E2BB0101D00FA2618 /* roommessage.cpp */,
				5595E11F2BB0101D00FA2618 /* roommessage.hpp */,
				557487422AE9A78D00C0F6CA /* essentials.cpp */,
				557487432AE9A78D00C0F6CA /* essentials.hpp */,
				5574879C2AEC227500C0F6CA /* qtimer.cpp */,
				5574879D2AEC227500C0F6CA /* qtimer.hpp */,
				557620562C7676DE002372E4 /* qtimer_uv.cpp */,
				557620552C7676DE002372E4 /* qtimer_uv.hpp */,
				556AB5F42AF260DD00D688DB /* qtextfilelogger.cpp */,
				556AB5F52AF260DD00D688DB /* qtextfilelogger.hpp */,
				556AB5F82AF3A2C700D688DB /* qbuffer.cpp */,
				556AB5F92AF3A2C700D688DB /* qbuffer.hpp */,
				556ABAE32B0A8E7E00D688DB /* qstatslogger.cpp */,
				556ABAE42B0A8E7E00D688DB /* qstatslogger.hpp */,
				5594E2242B3DD61900E47984 /* qtextfile.cpp */,
				5594E2252B3DD61900E47984 /* qtextfile.hpp */,
				55384BB32B9AD1D500BE7723 /* serverconfig.cpp */,
				55384BB42B9AD1D500BE7723 /* serverconfig.hpp */,
			);
			path = source;
			sourceTree = "<group>";
		};
		55E4D3342ACDD23100555999 /* quiche */ = {
			isa = PBXGroup;
			children = (
				55E4D3352ACDD23100555999 /* quiche.h */,
			);
			path = quiche;
			sourceTree = "<group>";
		};
/* End PBXGroup section */

/* Begin PBXHeadersBuildPhase section */
		55B372CB2AC3091000F0095E /* Headers */ = {
			isa = PBXHeadersBuildPhase;
			buildActionMask = 2147483647;
			files = (
				5594E2272B3DD61900E47984 /* qtextfile.hpp in Headers */,
				55FB29C02ACF20990051DDF9 /* quiche.h in Headers */,
				5574879F2AEC227500C0F6CA /* qtimer.hpp in Headers */,
				556ABAE62B0A8E7E00D688DB /* qstatslogger.hpp in Headers */,
				557487452AE9A78D00C0F6CA /* essentials.hpp in Headers */,
				5595E1212BB0101D00FA2618 /* roommessage.hpp in Headers */,
				556AB5F72AF260DD00D688DB /* qtextfilelogger.hpp in Headers */,
				556AB5FB2AF3A2C700D688DB /* qbuffer.hpp in Headers */,
				55384B942B9651AF00BE7723 /* message.hpp in Headers */,
				557620572C7676DE002372E4 /* qtimer_uv.hpp in Headers */,
				55384BB62B9AD1D600BE7723 /* serverconfig.hpp in Headers */,
			);
			runOnlyForDeploymentPostprocessing = 0;
		};
/* End PBXHeadersBuildPhase section */

/* Begin PBXNativeTarget section */
		55B372CE2AC3091000F0095E /* networkcommon */ = {
			isa = PBXNativeTarget;
			buildConfigurationList = 55B372D32AC3091000F0095E /* Build configuration list for PBXNativeTarget "networkcommon" */;
			buildPhases = (
				55B372CB2AC3091000F0095E /* Headers */,
				55B372CC2AC3091000F0095E /* Sources */,
				55B372CD2AC3091000F0095E /* Frameworks */,
			);
			buildRules = (
			);
			dependencies = (
			);
			name = networkcommon;
			productName = networkcommon;
			productReference = 55B372CF2AC3091000F0095E /* libnetworkcommon.a */;
			productType = "com.apple.product-type.library.static";
		};
/* End PBXNativeTarget section */

/* Begin PBXProject section */
		55B372C72AC3091000F0095E /* Project object */ = {
			isa = PBXProject;
			attributes = {
				LastUpgradeCheck = 1240;
				TargetAttributes = {
					55B372CE2AC3091000F0095E = {
						CreatedOnToolsVersion = 12.4;
					};
				};
			};
			buildConfigurationList = 55B372CA2AC3091000F0095E /* Build configuration list for PBXProject "networkcommon" */;
			compatibilityVersion = "Xcode 9.3";
			developmentRegion = en;
			hasScannedForEncodings = 0;
			knownRegions = (
				en,
				Base,
			);
			mainGroup = 55B372C62AC3091000F0095E;
			productRefGroup = 55B372D02AC3091000F0095E /* Products */;
			projectDirPath = "";
			projectRoot = "";
			targets = (
				55B372CE2AC3091000F0095E /* networkcommon */,
			);
		};
/* End PBXProject section */

/* Begin PBXSourcesBuildPhase section */
		55B372CC2AC3091000F0095E /* Sources */ = {
			isa = PBXSourcesBuildPhase;
			buildActionMask = 2147483647;
			files = (
				557487442AE9A78D00C0F6CA /* essentials.cpp in Sources */,
				556ABAE52B0A8E7E00D688DB /* qstatslogger.cpp in Sources */,
				55384B952B9651AF00BE7723 /* message.cpp in Sources */,
				5574879E2AEC227500C0F6CA /* qtimer.cpp in Sources */,
				5594E2262B3DD61900E47984 /* qtextfile.cpp in Sources */,
				556AB5F62AF260DD00D688DB /* qtextfilelogger.cpp in Sources */,
				557487382AE9530500C0F6CA /* main.cpp in Sources */,
				55384BB52B9AD1D600BE7723 /* serverconfig.cpp in Sources */,
				557620582C7676DE002372E4 /* qtimer_uv.cpp in Sources */,
				556AB5FA2AF3A2C700D688DB /* qbuffer.cpp in Sources */,
			);
			runOnlyForDeploymentPostprocessing = 0;
		};
/* End PBXSourcesBuildPhase section */

/* Begin XCBuildConfiguration section */
		55B372D12AC3091000F0095E /* Debug */ = {
			isa = XCBuildConfiguration;
			buildSettings = {
				ALWAYS_SEARCH_USER_PATHS = NO;
				CLANG_ANALYZER_NONNULL = YES;
				CLANG_ANALYZER_NUMBER_OBJECT_CONVERSION = YES_AGGRESSIVE;
				CLANG_CXX_LANGUAGE_STANDARD = "gnu++14";
				CLANG_CXX_LIBRARY = "libc++";
				CLANG_ENABLE_MODULES = YES;
				CLANG_ENABLE_OBJC_ARC = YES;
				CLANG_ENABLE_OBJC_WEAK = YES;
				CLANG_WARN_BLOCK_CAPTURE_AUTORELEASING = YES;
				CLANG_WARN_BOOL_CONVERSION = YES;
				CLANG_WARN_COMMA = YES;
				CLANG_WARN_CONSTANT_CONVERSION = YES;
				CLANG_WARN_DEPRECATED_OBJC_IMPLEMENTATIONS = YES;
				CLANG_WARN_DIRECT_OBJC_ISA_USAGE = YES_ERROR;
				CLANG_WARN_DOCUMENTATION_COMMENTS = YES;
				CLANG_WARN_EMPTY_BODY = YES;
				CLANG_WARN_ENUM_CONVERSION = YES;
				CLANG_WARN_INFINITE_RECURSION = YES;
				CLANG_WARN_INT_CONVERSION = YES;
				CLANG_WARN_NON_LITERAL_NULL_CONVERSION = YES;
				CLANG_WARN_OBJC_IMPLICIT_RETAIN_SELF = YES;
				CLANG_WARN_OBJC_LITERAL_CONVERSION = YES;
				CLANG_WARN_OBJC_ROOT_CLASS = YES_ERROR;
				CLANG_WARN_QUOTED_INCLUDE_IN_FRAMEWORK_HEADER = YES;
				CLANG_WARN_RANGE_LOOP_ANALYSIS = YES;
				CLANG_WARN_STRICT_PROTOTYPES = YES;
				CLANG_WARN_SUSPICIOUS_MOVE = YES;
				CLANG_WARN_UNGUARDED_AVAILABILITY = YES_AGGRESSIVE;
				CLANG_WARN_UNREACHABLE_CODE = YES;
				CLANG_WARN__DUPLICATE_METHOD_MATCH = YES;
				COPY_PHASE_STRIP = NO;
				DEBUG_INFORMATION_FORMAT = dwarf;
				ENABLE_STRICT_OBJC_MSGSEND = YES;
				ENABLE_TESTABILITY = YES;
				GCC_C_LANGUAGE_STANDARD = gnu11;
				GCC_DYNAMIC_NO_PIC = NO;
				GCC_NO_COMMON_BLOCKS = YES;
				GCC_OPTIMIZATION_LEVEL = 0;
				GCC_PREPROCESSOR_DEFINITIONS = (
					"DEBUG=1",
					"$(inherited)",
				);
				GCC_WARN_64_TO_32_BIT_CONVERSION = YES;
				GCC_WARN_ABOUT_RETURN_TYPE = YES_ERROR;
				GCC_WARN_UNDECLARED_SELECTOR = YES;
				GCC_WARN_UNINITIALIZED_AUTOS = YES_AGGRESSIVE;
				GCC_WARN_UNUSED_FUNCTION = YES;
				GCC_WARN_UNUSED_VARIABLE = YES;
				MACOSX_DEPLOYMENT_TARGET = 11.1;
				MTL_ENABLE_DEBUG_INFO = INCLUDE_SOURCE;
				MTL_FAST_MATH = YES;
				ONLY_ACTIVE_ARCH = YES;
				SDKROOT = macosx;
			};
			name = Debug;
		};
		55B372D22AC3091000F0095E /* Release */ = {
			isa = XCBuildConfiguration;
			buildSettings = {
				ALWAYS_SEARCH_USER_PATHS = NO;
				CLANG_ANALYZER_NONNULL = YES;
				CLANG_ANALYZER_NUMBER_OBJECT_CONVERSION = YES_AGGRESSIVE;
				CLANG_CXX_LANGUAGE_STANDARD = "gnu++14";
				CLANG_CXX_LIBRARY = "libc++";
				CLANG_ENABLE_MODULES = YES;
				CLANG_ENABLE_OBJC_ARC = YES;
				CLANG_ENABLE_OBJC_WEAK = YES;
				CLANG_WARN_BLOCK_CAPTURE_AUTORELEASING = YES;
				CLANG_WARN_BOOL_CONVERSION = YES;
				CLANG_WARN_COMMA = YES;
				CLANG_WARN_CONSTANT_CONVERSION = YES;
				CLANG_WARN_DEPRECATED_OBJC_IMPLEMENTATIONS = YES;
				CLANG_WARN_DIRECT_OBJC_ISA_USAGE = YES_ERROR;
				CLANG_WARN_DOCUMENTATION_COMMENTS = YES;
				CLANG_WARN_EMPTY_BODY = YES;
				CLANG_WARN_ENUM_CONVERSION = YES;
				CLANG_WARN_INFINITE_RECURSION = YES;
				CLANG_WARN_INT_CONVERSION = YES;
				CLANG_WARN_NON_LITERAL_NULL_CONVERSION = YES;
				CLANG_WARN_OBJC_IMPLICIT_RETAIN_SELF = YES;
				CLANG_WARN_OBJC_LITERAL_CONVERSION = YES;
				CLANG_WARN_OBJC_ROOT_CLASS = YES_ERROR;
				CLANG_WARN_QUOTED_INCLUDE_IN_FRAMEWORK_HEADER = YES;
				CLANG_WARN_RANGE_LOOP_ANALYSIS = YES;
				CLANG_WARN_STRICT_PROTOTYPES = YES;
				CLANG_WARN_SUSPICIOUS_MOVE = YES;
				CLANG_WARN_UNGUARDED_AVAILABILITY = YES_AGGRESSIVE;
				CLANG_WARN_UNREACHABLE_CODE = YES;
				CLANG_WARN__DUPLICATE_METHOD_MATCH = YES;
				COPY_PHASE_STRIP = NO;
				DEBUG_INFORMATION_FORMAT = "dwarf-with-dsym";
				ENABLE_NS_ASSERTIONS = NO;
				ENABLE_STRICT_OBJC_MSGSEND = YES;
				GCC_C_LANGUAGE_STANDARD = gnu11;
				GCC_NO_COMMON_BLOCKS = YES;
				GCC_WARN_64_TO_32_BIT_CONVERSION = YES;
				GCC_WARN_ABOUT_RETURN_TYPE = YES_ERROR;
				GCC_WARN_UNDECLARED_SELECTOR = YES;
				GCC_WARN_UNINITIALIZED_AUTOS = YES_AGGRESSIVE;
				GCC_WARN_UNUSED_FUNCTION = YES;
				GCC_WARN_UNUSED_VARIABLE = YES;
				MACOSX_DEPLOYMENT_TARGET = 11.1;
				MTL_ENABLE_DEBUG_INFO = NO;
				MTL_FAST_MATH = YES;
				SDKROOT = macosx;
			};
			name = Release;
		};
		55B372D42AC3091000F0095E /* Debug */ = {
			isa = XCBuildConfiguration;
			buildSettings = {
				CODE_SIGN_STYLE = Automatic;
				DEVELOPMENT_TEAM = 5ZJZVQUB7D;
				EXECUTABLE_PREFIX = lib;
				GCC_PREFIX_HEADER = "$(SRCROOT)/../common/nvwa/debug_new.pch";
				GCC_PREPROCESSOR_DEFINITIONS = (
					"DEBUG=1",
					"$(inherited)",
				);
				HEADER_SEARCH_PATHS = (
					"$(PROJECT_DIR)/Source/quiche",
					"$(PROJECT_DIR)/Source/ev",
					"$(PROJECT_DIR)/Source/uv",
					"\"$(SRCROOT)/../common\"",
					"\"$(SRCROOT)/../qzookeeper/zookeeper\"",
				);
				LIBRARY_SEARCH_PATHS = (
					"$(inherited)",
					"$(PROJECT_DIR)/quiche_lib/debug",
				);
				MACOSX_DEPLOYMENT_TARGET = 10.15;
				OTHER_CFLAGS = (
					"-fvisibility=hidden",
					"-fvisibility-inlines-hidden",
				);
				OTHER_CPLUSPLUSFLAGS = "$(OTHER_CFLAGS)";
				PRODUCT_NAME = "$(TARGET_NAME)";
				SKIP_INSTALL = YES;
				WARNING_CFLAGS = "-Wno-noexcept-type";
			};
			name = Debug;
		};
		55B372D52AC3091000F0095E /* Release */ = {
			isa = XCBuildConfiguration;
			buildSettings = {
				CODE_SIGN_STYLE = Automatic;
				DEVELOPMENT_TEAM = 5ZJZVQUB7D;
				EXECUTABLE_PREFIX = lib;
				HEADER_SEARCH_PATHS = (
					"$(PROJECT_DIR)/Source/quiche",
					"$(PROJECT_DIR)/Source/ev",
					"$(PROJECT_DIR)/Source/uv",
					"\"$(SRCROOT)/../common\"",
					"\"$(SRCROOT)/../qzookeeper/zookeeper\"",
				);
				LIBRARY_SEARCH_PATHS = (
					"$(inherited)",
					"$(PROJECT_DIR)/quiche_lib/debug",
				);
				MACOSX_DEPLOYMENT_TARGET = 10.15;
				OTHER_CFLAGS = (
					"-fvisibility=hidden",
					"-fvisibility-inlines-hidden",
				);
				OTHER_CPLUSPLUSFLAGS = "$(OTHER_CFLAGS)";
				PRODUCT_NAME = "$(TARGET_NAME)";
				SKIP_INSTALL = YES;
				WARNING_CFLAGS = "-Wno-noexcept-type";
			};
			name = Release;
		};
/* End XCBuildConfiguration section */

/* Begin XCConfigurationList section */
		55B372CA2AC3091000F0095E /* Build configuration list for PBXProject "networkcommon" */ = {
			isa = XCConfigurationList;
			buildConfigurations = (
				55B372D12AC3091000F0095E /* Debug */,
				55B372D22AC3091000F0095E /* Release */,
			);
			defaultConfigurationIsVisible = 0;
			defaultConfigurationName = Release;
		};
		55B372D32AC3091000F0095E /* Build configuration list for PBXNativeTarget "networkcommon" */ = {
			isa = XCConfigurationList;
			buildConfigurations = (
				55B372D42AC3091000F0095E /* Debug */,
				55B372D52AC3091000F0095E /* Release */,
			);
			defaultConfigurationIsVisible = 0;
			defaultConfigurationName = Release;
		};
/* End XCConfigurationList section */
	};
	rootObject = 55B372C72AC3091000F0095E /* Project object */;
}
